
Microsoft Visual Studio Solution File, Format Version 12.00
# Visual Studio Version 18
VisualStudioVersion = 18.0.11217.181
MinimumVisualStudioVersion = 10.0.40219.1
Project("{FAE04EC0-301F-11D3-BF4B-00C04F79EFBC}") = "Maliev.Aspire.AppHost", "Maliev.Aspire.AppHost\Maliev.Aspire.AppHost.csproj", "{F2AD0086-CE66-401E-AA07-16E70B6B5576}"
	ProjectSection(ProjectDependencies) = postProject
		{07FEB658-AF24-4A31-8B42-763E6DEFC146} = {07FEB658-AF24-4A31-8B42-763E6DEFC146}
		{1BFACBFD-7873-4EE1-B8DE-CA5010E1DD72} = {1BFACBFD-7873-4EE1-B8DE-CA5010E1DD72}
		{670362C6-513F-4C54-ADB0-589E607D1F57} = {670362C6-513F-4C54-ADB0-589E607D1F57}
		{F081A7A9-D77F-4F66-955E-E85FB97AD70A} = {F081A7A9-D77F-4F66-955E-E85FB97AD70A}
	EndProjectSection
EndProject
Project("{FAE04EC0-301F-11D3-BF4B-00C04F79EFBC}") = "Maliev.Aspire.ServiceDefaults", "Maliev.Aspire.ServiceDefaults\Maliev.Aspire.ServiceDefaults.csproj", "{2728FBC4-E8E1-4DBD-8B0B-AE684298DA11}"
EndProject
Project("{FAE04EC0-301F-11D3-BF4B-00C04F79EFBC}") = "Maliev.AuthService.Api", "..\Maliev.AuthService\Maliev.AuthService.Api\Maliev.AuthService.Api.csproj", "{1A67FF10-85D6-4F12-9DAD-F727C2400668}"
EndProject
Project("{FAE04EC0-301F-11D3-BF4B-00C04F79EFBC}") = "Maliev.AuthService.Data", "..\Maliev.AuthService\Maliev.AuthService.Data\Maliev.AuthService.Data.csproj", "{01C3311A-FF19-4E1F-9D3D-007126F27E0D}"
EndProject
Project("{FAE04EC0-301F-11D3-BF4B-00C04F79EFBC}") = "Maliev.CareerService.Api", "..\Maliev.CareerService\Maliev.CareerService.Api\Maliev.CareerService.Api.csproj", "{C614D585-3E93-42E3-B914-9AF50F8ADD0B}"
EndProject
Project("{FAE04EC0-301F-11D3-BF4B-00C04F79EFBC}") = "Maliev.CareerService.Data", "..\Maliev.CareerService\Maliev.CareerService.Data\Maliev.CareerService.Data.csproj", "{FBB0409B-17B0-4BFC-B13A-49C1EE7AA17E}"
EndProject
Project("{FAE04EC0-301F-11D3-BF4B-00C04F79EFBC}") = "Maliev.ContactService.Api", "..\Maliev.ContactService\Maliev.ContactService.Api\Maliev.ContactService.Api.csproj", "{82335D66-F295-4D66-9F5A-122D8F6B8772}"
EndProject
Project("{FAE04EC0-301F-11D3-BF4B-00C04F79EFBC}") = "Maliev.ContactService.Data", "..\Maliev.ContactService\Maliev.ContactService.Data\Maliev.ContactService.Data.csproj", "{6E544382-8337-4075-A8AF-7B792701D44C}"
EndProject
Project("{FAE04EC0-301F-11D3-BF4B-00C04F79EFBC}") = "Maliev.CountryService.Api", "..\Maliev.CountryService\Maliev.CountryService.Api\Maliev.CountryService.Api.csproj", "{38EF91B6-3F82-4E3B-97F0-2569BC0564AE}"
EndProject
Project("{FAE04EC0-301F-11D3-BF4B-00C04F79EFBC}") = "Maliev.CountryService.Data", "..\Maliev.CountryService\Maliev.CountryService.Data\Maliev.CountryService.Data.csproj", "{768CEA81-A44F-4D64-AC2B-1081C15816C5}"
EndProject
Project("{FAE04EC0-301F-11D3-BF4B-00C04F79EFBC}") = "Maliev.CurrencyService.Api", "..\Maliev.CurrencyService\Maliev.CurrencyService.Api\Maliev.CurrencyService.Api.csproj", "{20D1BAEF-6C14-4579-8B9D-8127632E794D}"
EndProject
Project("{FAE04EC0-301F-11D3-BF4B-00C04F79EFBC}") = "Maliev.CurrencyService.Data", "..\Maliev.CurrencyService\Maliev.CurrencyService.Data\Maliev.CurrencyService.Data.csproj", "{4E164CDE-D64C-4270-9259-A4A260433390}"
EndProject
Project("{FAE04EC0-301F-11D3-BF4B-00C04F79EFBC}") = "Maliev.CustomerService.Api", "..\Maliev.CustomerService\Maliev.CustomerService.Api\Maliev.CustomerService.Api.csproj", "{34A4741F-B0B3-4DD6-8FA7-97EA8069F273}"
EndProject
Project("{FAE04EC0-301F-11D3-BF4B-00C04F79EFBC}") = "Maliev.CustomerService.Data", "..\Maliev.CustomerService\Maliev.CustomerService.Data\Maliev.CustomerService.Data.csproj", "{DF6E6FD0-68E6-4AD4-9087-806CAEEBFDB2}"
EndProject
Project("{FAE04EC0-301F-11D3-BF4B-00C04F79EFBC}") = "Maliev.EmployeeService.Api", "..\Maliev.EmployeeService\Maliev.EmployeeService.Api\Maliev.EmployeeService.Api.csproj", "{B91EEEEA-0B37-4195-BAF7-8A0D80EE0CF7}"
EndProject
Project("{FAE04EC0-301F-11D3-BF4B-00C04F79EFBC}") = "Maliev.EmployeeService.Infrastructure", "..\Maliev.EmployeeService\Maliev.EmployeeService.Infrastructure\Maliev.EmployeeService.Infrastructure.csproj", "{1CD72342-3D5F-4E47-99C7-F66922CF6E4A}"
EndProject
Project("{FAE04EC0-301F-11D3-BF4B-00C04F79EFBC}") = "Maliev.EmployeeService.Application", "..\Maliev.EmployeeService\Maliev.EmployeeService.Application\Maliev.EmployeeService.Application.csproj", "{857480ED-C6B4-4485-9B37-4B8B4382D855}"
EndProject
Project("{FAE04EC0-301F-11D3-BF4B-00C04F79EFBC}") = "Maliev.EmployeeService.Domain", "..\Maliev.EmployeeService\Maliev.EmployeeService.Domain\Maliev.EmployeeService.Domain.csproj", "{032476B7-F28C-4358-A823-858162BD4449}"
EndProject
Project("{FAE04EC0-301F-11D3-BF4B-00C04F79EFBC}") = "Maliev.InvoiceService.Api", "..\Maliev.InvoiceService\Maliev.InvoiceService.Api\Maliev.InvoiceService.Api.csproj", "{74EB2F9F-FAB4-4F85-B90A-2A9528E8C42F}"
EndProject
Project("{FAE04EC0-301F-11D3-BF4B-00C04F79EFBC}") = "Maliev.InvoiceService.Data", "..\Maliev.InvoiceService\Maliev.InvoiceService.Data\Maliev.InvoiceService.Data.csproj", "{9A3B9896-94F7-45E6-84C0-8B29C93546D1}"
EndProject
Project("{FAE04EC0-301F-11D3-BF4B-00C04F79EFBC}") = "Maliev.MaterialService.Api", "..\Maliev.MaterialService\Maliev.MaterialService.Api\Maliev.MaterialService.Api.csproj", "{4511979B-C386-46B2-BB9D-6FB4677BE744}"
EndProject
Project("{FAE04EC0-301F-11D3-BF4B-00C04F79EFBC}") = "Maliev.MaterialService.Data", "..\Maliev.MaterialService\Maliev.MaterialService.Data\Maliev.MaterialService.Data.csproj", "{71B46BA3-6876-4AE3-98DA-AB6BB20D91B4}"
EndProject
Project("{FAE04EC0-301F-11D3-BF4B-00C04F79EFBC}") = "Maliev.OrderService.Api", "..\Maliev.OrderService\Maliev.OrderService.Api\Maliev.OrderService.Api.csproj", "{01253B5C-F1F7-429B-9020-FEFFFD976CD1}"
EndProject
Project("{FAE04EC0-301F-11D3-BF4B-00C04F79EFBC}") = "Maliev.OrderService.Data", "..\Maliev.OrderService\Maliev.OrderService.Data\Maliev.OrderService.Data.csproj", "{B76D8E71-CB6F-4620-90A5-1D03ED4FF8FF}"
EndProject
Project("{FAE04EC0-301F-11D3-BF4B-00C04F79EFBC}") = "Maliev.PaymentService.Api", "..\Maliev.PaymentService\Maliev.PaymentService.Api\Maliev.PaymentService.Api.csproj", "{8C675FF7-2AB6-4D84-A212-2C0F97DD3842}"
EndProject
Project("{FAE04EC0-301F-11D3-BF4B-00C04F79EFBC}") = "Maliev.PaymentService.Core", "..\Maliev.PaymentService\Maliev.PaymentService.Core\Maliev.PaymentService.Core.csproj", "{2550DE18-4326-424A-8D06-B200EDA264F3}"
EndProject
Project("{FAE04EC0-301F-11D3-BF4B-00C04F79EFBC}") = "Maliev.PaymentService.Infrastructure", "..\Maliev.PaymentService\Maliev.PaymentService.Infrastructure\Maliev.PaymentService.Infrastructure.csproj", "{5DAA7629-8B61-48EF-A604-509930CAD452}"
EndProject
Project("{FAE04EC0-301F-11D3-BF4B-00C04F79EFBC}") = "Maliev.PurchaseOrderService.Api", "..\Maliev.PurchaseOrderService\Maliev.PurchaseOrderService.Api\Maliev.PurchaseOrderService.Api.csproj", "{77CBB55E-228B-4147-9D0D-687EF500E296}"
EndProject
Project("{FAE04EC0-301F-11D3-BF4B-00C04F79EFBC}") = "Maliev.PurchaseOrderService.Data", "..\Maliev.PurchaseOrderService\Maliev.PurchaseOrderService.Data\Maliev.PurchaseOrderService.Data.csproj", "{593BA6BE-CACD-45DC-88D4-33154E3625FC}"
EndProject
Project("{FAE04EC0-301F-11D3-BF4B-00C04F79EFBC}") = "Maliev.PurchaseOrderService.Common", "..\Maliev.PurchaseOrderService\Maliev.PurchaseOrderService.Common\Maliev.PurchaseOrderService.Common.csproj", "{23054199-E83B-478A-88F2-588A9C12D917}"
EndProject
Project("{2150E333-8FDC-42A3-9474-1A3956D46DE8}") = "Auth Service", "Auth Service", "{54A92661-7D53-4162-BBF6-6F94689BB5C4}"
EndProject
Project("{2150E333-8FDC-42A3-9474-1A3956D46DE8}") = "Career Service", "Career Service", "{7F23966A-A45C-4AE8-A0FA-AA64A49C5537}"
EndProject
Project("{2150E333-8FDC-42A3-9474-1A3956D46DE8}") = "Contact Service", "Contact Service", "{246EF7A3-D6A2-4C98-8FB4-596452C117A5}"
EndProject
Project("{2150E333-8FDC-42A3-9474-1A3956D46DE8}") = "Country Service", "Country Service", "{39F18E60-DD11-4BBC-B08F-A90B1CF1A146}"
EndProject
Project("{2150E333-8FDC-42A3-9474-1A3956D46DE8}") = "Currency Service", "Currency Service", "{9128B057-8748-42F8-AA09-E3E2BB4EE0E8}"
EndProject
Project("{2150E333-8FDC-42A3-9474-1A3956D46DE8}") = "Customer Service", "Customer Service", "{64C0E19A-9631-4D2F-9016-33D4E7C548FC}"
EndProject
Project("{2150E333-8FDC-42A3-9474-1A3956D46DE8}") = "Employee Service", "Employee Service", "{E2B0261F-CE46-4836-879C-E734D3A591D3}"
EndProject
Project("{2150E333-8FDC-42A3-9474-1A3956D46DE8}") = "Invoice Service", "Invoice Service", "{11082ACD-9D34-4B89-B2FC-A90C3259EF1A}"
EndProject
Project("{2150E333-8FDC-42A3-9474-1A3956D46DE8}") = "Material Service", "Material Service", "{9CB3C7D5-653E-4C49-8757-B97955E7481F}"
EndProject
Project("{2150E333-8FDC-42A3-9474-1A3956D46DE8}") = "Order Service", "Order Service", "{0B39933B-3B4A-432D-9048-F8C0E579E290}"
EndProject
Project("{2150E333-8FDC-42A3-9474-1A3956D46DE8}") = "Payment Service", "Payment Service", "{CD15716E-88D6-4B54-990A-DDFA6557575E}"
EndProject
Project("{2150E333-8FDC-42A3-9474-1A3956D46DE8}") = "Purchase Order Service", "Purchase Order Service", "{32DE6343-CC79-48CF-B308-686C4E64E94F}"
EndProject
Project("{FAE04EC0-301F-11D3-BF4B-00C04F79EFBC}") = "Maliev.QuotationService.Api", "..\Maliev.QuotationService\Maliev.QuotationService.Api\Maliev.QuotationService.Api.csproj", "{37A10CE4-7063-4BB3-BA3A-05E4E99E2D63}"
EndProject
Project("{FAE04EC0-301F-11D3-BF4B-00C04F79EFBC}") = "Maliev.QuotationService.Data", "..\Maliev.QuotationService\Maliev.QuotationService.Data\Maliev.QuotationService.Data.csproj", "{EAAF435B-0A4C-412F-B5EE-2613DDFC716A}"
EndProject
Project("{FAE04EC0-301F-11D3-BF4B-00C04F79EFBC}") = "Maliev.SupplierService.Api", "..\Maliev.SupplierService\Maliev.SupplierService.Api\Maliev.SupplierService.Api.csproj", "{93F669EE-FC06-4240-A82C-E5F672857787}"
EndProject
Project("{FAE04EC0-301F-11D3-BF4B-00C04F79EFBC}") = "Maliev.SupplierService.Data", "..\Maliev.SupplierService\Maliev.SupplierService.Data\Maliev.SupplierService.Data.csproj", "{520DA927-0083-4474-B34D-CBDCB7C780C2}"
EndProject
Project("{2150E333-8FDC-42A3-9474-1A3956D46DE8}") = "Quotation Service", "Quotation Service", "{1FE87A9F-BF46-4144-B38D-7E08BAFCB0E4}"
EndProject
Project("{2150E333-8FDC-42A3-9474-1A3956D46DE8}") = "Supplier Service", "Supplier Service", "{64F63477-BC6E-4077-95B5-9371C8345D6B}"
EndProject
Project("{2150E333-8FDC-42A3-9474-1A3956D46DE8}") = "Accounting Service", "Accounting Service", "{1692B414-ED2B-4F9E-BDAC-BB99E3F9C3D1}"
EndProject
Project("{2150E333-8FDC-42A3-9474-1A3956D46DE8}") = "Notification Service", "Notification Service", "{E74C358F-DE53-41BA-A0D5-EB4E5D1CC925}"
EndProject
Project("{2150E333-8FDC-42A3-9474-1A3956D46DE8}") = "Receipt Service", "Receipt Service", "{3BF880A4-1081-4A09-8C63-47212B1F29A4}"
EndProject
Project("{2150E333-8FDC-42A3-9474-1A3956D46DE8}") = "Upload Service", "Upload Service", "{B5E39C87-21A4-4EA5-97EF-88986BE1F8D3}"
EndProject
Project("{FAE04EC0-301F-11D3-BF4B-00C04F79EFBC}") = "Maliev.AccountingService.Api", "..\Maliev.AccountingService\Maliev.AccountingService.Api\Maliev.AccountingService.Api.csproj", "{670362C6-513F-4C54-ADB0-589E607D1F57}"
EndProject
Project("{FAE04EC0-301F-11D3-BF4B-00C04F79EFBC}") = "Maliev.AccountingService.Data", "..\Maliev.AccountingService\Maliev.AccountingService.Data\Maliev.AccountingService.Data.csproj", "{50FB3ADE-3746-413A-9804-42E835258B5E}"
EndProject
Project("{FAE04EC0-301F-11D3-BF4B-00C04F79EFBC}") = "Maliev.ReceiptService.Api", "..\Maliev.ReceiptService\Maliev.ReceiptService.Api\Maliev.ReceiptService.Api.csproj", "{F081A7A9-D77F-4F66-955E-E85FB97AD70A}"
EndProject
Project("{FAE04EC0-301F-11D3-BF4B-00C04F79EFBC}") = "Maliev.ReceiptService.Data", "..\Maliev.ReceiptService\Maliev.ReceiptService.Data\Maliev.ReceiptService.Data.csproj", "{3091D250-F7F2-47F6-BF07-F22E55385CA1}"
EndProject
Project("{FAE04EC0-301F-11D3-BF4B-00C04F79EFBC}") = "Maliev.UploadService.Api", "..\Maliev.UploadService\Maliev.UploadService.Api\Maliev.UploadService.Api.csproj", "{07FEB658-AF24-4A31-8B42-763E6DEFC146}"
EndProject
Project("{FAE04EC0-301F-11D3-BF4B-00C04F79EFBC}") = "Maliev.UploadService.Data", "..\Maliev.UploadService\Maliev.UploadService.Data\Maliev.UploadService.Data.csproj", "{E5A69FDF-4126-49CC-BD46-6FEE075EE5F2}"
EndProject
Project("{FAE04EC0-301F-11D3-BF4B-00C04F79EFBC}") = "Maliev.NotificationService.Api", "..\Maliev.NotificationService\Maliev.NotificationService.Api\Maliev.NotificationService.Api.csproj", "{1BFACBFD-7873-4EE1-B8DE-CA5010E1DD72}"
EndProject
Project("{FAE04EC0-301F-11D3-BF4B-00C04F79EFBC}") = "Maliev.NotificationService.Data", "..\Maliev.NotificationService\Maliev.NotificationService.Data\Maliev.NotificationService.Data.csproj", "{ECA12006-EDB2-94B7-3363-C474924A8B42}"
EndProject
Project("{2150E333-8FDC-42A3-9474-1A3956D46DE8}") = "IAM Service", "IAM Service", "{C24BAB70-886E-4AF2-2962-42370EB012D8}"
EndProject
Project("{FAE04EC0-301F-11D3-BF4B-00C04F79EFBC}") = "Maliev.IAMService.Api", "..\Maliev.IAMService\Maliev.IAMService.Api\Maliev.IAMService.Api.csproj", "{51ABEC2B-98E3-4845-830E-BE6F7728008A}"
EndProject
Project("{FAE04EC0-301F-11D3-BF4B-00C04F79EFBC}") = "Maliev.IAMService.Data", "..\Maliev.IAMService\Maliev.IAMService.Data\Maliev.IAMService.Data.csproj", "{22973F7A-5850-44F7-9C95-9F8AD504AF82}"
EndProject
Project("{FAE04EC0-301F-11D3-BF4B-00C04F79EFBC}") = "Maliev.IAMService.Contracts", "..\Maliev.IAMService\Maliev.IAMService.Contracts\Maliev.IAMService.Contracts.csproj", "{D3198D61-4070-428D-A2D0-1F95BDDECE5A}"
EndProject
Project("{2150E333-8FDC-42A3-9474-1A3956D46DE8}") = "PDF Service", "PDF Service", "{55F1084F-1144-A5EB-C222-ECF2B62AC581}"
EndProject
Project("{FAE04EC0-301F-11D3-BF4B-00C04F79EFBC}") = "Maliev.PdfService.Api", "..\Maliev.PdfService\Maliev.PdfService.Api\Maliev.PdfService.Api.csproj", "{068BD008-3322-4F7D-BCFC-7146D9D6AC4D}"
EndProject
Project("{FAE04EC0-301F-11D3-BF4B-00C04F79EFBC}") = "Maliev.PdfService.Data", "..\Maliev.PdfService\Maliev.PdfService.Data\Maliev.PdfService.Data.csproj", "{271B8C8D-07C7-4501-AAB2-B9CF96F1ACFF}"
EndProject
Project("{2150E333-8FDC-42A3-9474-1A3956D46DE8}") = "Messaging Contracts", "Messaging Contracts", "{B13FB1DB-FE20-CDA3-05C5-AD6938F84B69}"
EndProject
Project("{FAE04EC0-301F-11D3-BF4B-00C04F79EFBC}") = "Maliev.MessagingContracts", "..\Maliev.MessagingContracts\generated\csharp\Maliev.MessagingContracts.csproj", "{BEE9DD97-9E31-4278-BC82-75FAE26A11CD}"
EndProject
Project("{FAE04EC0-301F-11D3-BF4B-00C04F79EFBC}") = "Maliev.Aspire.Tests", "Maliev.Aspire.Tests\Maliev.Aspire.Tests.csproj", "{31597A50-F3C4-4ECC-A59B-03D4E19971C2}"
EndProject
Project("{FAE04EC0-301F-11D3-BF4B-00C04F79EFBC}") = "Maliev.CompensationService.Api", "..\Maliev.CompensationService\Maliev.CompensationService.Api\Maliev.CompensationService.Api.csproj", "{B6612A8E-805A-4D5F-8652-E42CE12015F7}"
EndProject
Project("{FAE04EC0-301F-11D3-BF4B-00C04F79EFBC}") = "Maliev.CompensationService.Application", "..\Maliev.CompensationService\Maliev.CompensationService.Application\Maliev.CompensationService.Application.csproj", "{29358FC8-3AF5-4D02-8A7A-B1A2F3C6B607}"
EndProject
Project("{FAE04EC0-301F-11D3-BF4B-00C04F79EFBC}") = "Maliev.CompensationService.Domain", "..\Maliev.CompensationService\Maliev.CompensationService.Domain\Maliev.CompensationService.Domain.csproj", "{E14EB119-6104-47D9-9AE9-709F6B3177CA}"
EndProject
Project("{FAE04EC0-301F-11D3-BF4B-00C04F79EFBC}") = "Maliev.CompensationService.Infrastructure", "..\Maliev.CompensationService\Maliev.CompensationService.Infrastructure\Maliev.CompensationService.Infrastructure.csproj", "{341E9463-A389-4E73-BA9B-885A49A4C8AF}"
EndProject
Project("{FAE04EC0-301F-11D3-BF4B-00C04F79EFBC}") = "Maliev.ComplianceService.Api", "..\Maliev.ComplianceService\Maliev.ComplianceService.Api\Maliev.ComplianceService.Api.csproj", "{A67DE961-A346-4031-86DC-4B65175B37EE}"
EndProject
Project("{FAE04EC0-301F-11D3-BF4B-00C04F79EFBC}") = "Maliev.ComplianceService.Application", "..\Maliev.ComplianceService\Maliev.ComplianceService.Application\Maliev.ComplianceService.Application.csproj", "{E8768010-9E01-4E7A-8B5C-31008079758B}"
EndProject
Project("{FAE04EC0-301F-11D3-BF4B-00C04F79EFBC}") = "Maliev.ComplianceService.Domain", "..\Maliev.ComplianceService\Maliev.ComplianceService.Domain\Maliev.ComplianceService.Domain.csproj", "{4CA0EE71-2CC3-428A-A45F-A93D608D4041}"
EndProject
Project("{FAE04EC0-301F-11D3-BF4B-00C04F79EFBC}") = "Maliev.ComplianceService.Infrastructure", "..\Maliev.ComplianceService\Maliev.ComplianceService.Infrastructure\Maliev.ComplianceService.Infrastructure.csproj", "{5FB610B1-9D81-42D6-A981-63BF167B2419}"
EndProject
Project("{FAE04EC0-301F-11D3-BF4B-00C04F79EFBC}") = "Maliev.LeaveService.Api", "..\Maliev.LeaveService\Maliev.LeaveService.Api\Maliev.LeaveService.Api.csproj", "{F0A8587A-B10C-4838-B582-50942621732C}"
EndProject
Project("{FAE04EC0-301F-11D3-BF4B-00C04F79EFBC}") = "Maliev.LeaveService.Application", "..\Maliev.LeaveService\Maliev.LeaveService.Application\Maliev.LeaveService.Application.csproj", "{19B8A938-3301-49E5-9651-64F3215F3F97}"
EndProject
Project("{FAE04EC0-301F-11D3-BF4B-00C04F79EFBC}") = "Maliev.LeaveService.Domain", "..\Maliev.LeaveService\Maliev.LeaveService.Domain\Maliev.LeaveService.Domain.csproj", "{742FAFDE-D552-4593-897B-F3B99B73CAAB}"
EndProject
Project("{FAE04EC0-301F-11D3-BF4B-00C04F79EFBC}") = "Maliev.LeaveService.Infrastructure", "..\Maliev.LeaveService\Maliev.LeaveService.Infrastructure\Maliev.LeaveService.Infrastructure.csproj", "{A2739BE0-93C2-474F-91FB-1446A431F4E6}"
EndProject
Project("{FAE04EC0-301F-11D3-BF4B-00C04F79EFBC}") = "Maliev.LifecycleService.Api", "..\Maliev.LifecycleService\Maliev.LifecycleService.Api\Maliev.LifecycleService.Api.csproj", "{CC9C10BA-2A7E-4F67-9473-AA6BC712198C}"
EndProject
Project("{FAE04EC0-301F-11D3-BF4B-00C04F79EFBC}") = "Maliev.LifecycleService.Application", "..\Maliev.LifecycleService\Maliev.LifecycleService.Application\Maliev.LifecycleService.Application.csproj", "{9DE61C59-7E78-4335-A093-1E832FB94AA6}"
EndProject
Project("{FAE04EC0-301F-11D3-BF4B-00C04F79EFBC}") = "Maliev.LifecycleService.Domain", "..\Maliev.LifecycleService\Maliev.LifecycleService.Domain\Maliev.LifecycleService.Domain.csproj", "{0177B85B-F297-4A57-A641-9E65D9F9B282}"
EndProject
Project("{FAE04EC0-301F-11D3-BF4B-00C04F79EFBC}") = "Maliev.LifecycleService.Infrastructure", "..\Maliev.LifecycleService\Maliev.LifecycleService.Infrastructure\Maliev.LifecycleService.Infrastructure.csproj", "{D2D1B662-8A2A-47DB-ACE3-7DEE40F70835}"
EndProject
Project("{FAE04EC0-301F-11D3-BF4B-00C04F79EFBC}") = "Maliev.PerformanceService.Api", "..\Maliev.PerformanceService\Maliev.PerformanceService.Api\Maliev.PerformanceService.Api.csproj", "{E29A4E74-0EEE-4062-A99C-C1378F90E369}"
EndProject
Project("{FAE04EC0-301F-11D3-BF4B-00C04F79EFBC}") = "Maliev.PerformanceService.Application", "..\Maliev.PerformanceService\Maliev.PerformanceService.Application\Maliev.PerformanceService.Application.csproj", "{00B5BA16-D8B1-493A-936A-EB48BCBEF60A}"
EndProject
Project("{FAE04EC0-301F-11D3-BF4B-00C04F79EFBC}") = "Maliev.PerformanceService.Domain", "..\Maliev.PerformanceService\Maliev.PerformanceService.Domain\Maliev.PerformanceService.Domain.csproj", "{4C73E7B5-5C79-4B0F-BB23-9C9908DF4200}"
EndProject
Project("{FAE04EC0-301F-11D3-BF4B-00C04F79EFBC}") = "Maliev.PerformanceService.Infrastructure", "..\Maliev.PerformanceService\Maliev.PerformanceService.Infrastructure\Maliev.PerformanceService.Infrastructure.csproj", "{01F16CD8-19B0-46AD-884C-32B2F9591449}"
EndProject
Project("{2150E333-8FDC-42A3-9474-1A3956D46DE8}") = "Compensation Service", "Compensation Service", "{99AB2F99-E06A-4900-BD99-84B7AD7B43E9}"
EndProject
Project("{2150E333-8FDC-42A3-9474-1A3956D46DE8}") = "Compliance Service", "Compliance Service", "{B45D00A6-022F-4AAE-AEF6-E7FCA1B28865}"
EndProject
Project("{2150E333-8FDC-42A3-9474-1A3956D46DE8}") = "Leave Service", "Leave Service", "{102D0F9B-A9C5-408F-8F70-C79923CD9168}"
EndProject
Project("{2150E333-8FDC-42A3-9474-1A3956D46DE8}") = "Lifecycle Service", "Lifecycle Service", "{69F9D1CE-0FB7-4A2D-9355-B6757B3ED9B5}"
EndProject
Project("{2150E333-8FDC-42A3-9474-1A3956D46DE8}") = "Performance Service", "Performance Service", "{03DF36DB-42ED-4313-998C-792E5AE82E04}"
EndProject
Global
	GlobalSection(SolutionConfigurationPlatforms) = preSolution
		Debug|Any CPU = Debug|Any CPU
		Debug|x64 = Debug|x64
		Debug|x86 = Debug|x86
		Release|Any CPU = Release|Any CPU
		Release|x64 = Release|x64
		Release|x86 = Release|x86
	EndGlobalSection
	GlobalSection(ProjectConfigurationPlatforms) = postSolution
		{F2AD0086-CE66-401E-AA07-16E70B6B5576}.Debug|Any CPU.ActiveCfg = Debug|Any CPU
		{F2AD0086-CE66-401E-AA07-16E70B6B5576}.Debug|Any CPU.Build.0 = Debug|Any CPU
		{F2AD0086-CE66-401E-AA07-16E70B6B5576}.Debug|x64.ActiveCfg = Debug|Any CPU
		{F2AD0086-CE66-401E-AA07-16E70B6B5576}.Debug|x64.Build.0 = Debug|Any CPU
		{F2AD0086-CE66-401E-AA07-16E70B6B5576}.Debug|x86.ActiveCfg = Debug|Any CPU
		{F2AD0086-CE66-401E-AA07-16E70B6B5576}.Debug|x86.Build.0 = Debug|Any CPU
		{F2AD0086-CE66-401E-AA07-16E70B6B5576}.Release|Any CPU.ActiveCfg = Release|Any CPU
		{F2AD0086-CE66-401E-AA07-16E70B6B5576}.Release|Any CPU.Build.0 = Release|Any CPU
		{F2AD0086-CE66-401E-AA07-16E70B6B5576}.Release|x64.ActiveCfg = Release|Any CPU
		{F2AD0086-CE66-401E-AA07-16E70B6B5576}.Release|x64.Build.0 = Release|Any CPU
		{F2AD0086-CE66-401E-AA07-16E70B6B5576}.Release|x86.ActiveCfg = Release|Any CPU
		{F2AD0086-CE66-401E-AA07-16E70B6B5576}.Release|x86.Build.0 = Release|Any CPU
		{2728FBC4-E8E1-4DBD-8B0B-AE684298DA11}.Debug|Any CPU.ActiveCfg = Debug|Any CPU
		{2728FBC4-E8E1-4DBD-8B0B-AE684298DA11}.Debug|Any CPU.Build.0 = Debug|Any CPU
		{2728FBC4-E8E1-4DBD-8B0B-AE684298DA11}.Debug|x64.ActiveCfg = Debug|Any CPU
		{2728FBC4-E8E1-4DBD-8B0B-AE684298DA11}.Debug|x64.Build.0 = Debug|Any CPU
		{2728FBC4-E8E1-4DBD-8B0B-AE684298DA11}.Debug|x86.ActiveCfg = Debug|Any CPU
		{2728FBC4-E8E1-4DBD-8B0B-AE684298DA11}.Debug|x86.Build.0 = Debug|Any CPU
		{2728FBC4-E8E1-4DBD-8B0B-AE684298DA11}.Release|Any CPU.ActiveCfg = Release|Any CPU
		{2728FBC4-E8E1-4DBD-8B0B-AE684298DA11}.Release|Any CPU.Build.0 = Release|Any CPU
		{2728FBC4-E8E1-4DBD-8B0B-AE684298DA11}.Release|x64.ActiveCfg = Release|Any CPU
		{2728FBC4-E8E1-4DBD-8B0B-AE684298DA11}.Release|x64.Build.0 = Release|Any CPU
		{2728FBC4-E8E1-4DBD-8B0B-AE684298DA11}.Release|x86.ActiveCfg = Release|Any CPU
		{2728FBC4-E8E1-4DBD-8B0B-AE684298DA11}.Release|x86.Build.0 = Release|Any CPU
		{1A67FF10-85D6-4F12-9DAD-F727C2400668}.Debug|Any CPU.ActiveCfg = Debug|Any CPU
		{1A67FF10-85D6-4F12-9DAD-F727C2400668}.Debug|Any CPU.Build.0 = Debug|Any CPU
		{1A67FF10-85D6-4F12-9DAD-F727C2400668}.Debug|x64.ActiveCfg = Debug|Any CPU
		{1A67FF10-85D6-4F12-9DAD-F727C2400668}.Debug|x64.Build.0 = Debug|Any CPU
		{1A67FF10-85D6-4F12-9DAD-F727C2400668}.Debug|x86.ActiveCfg = Debug|Any CPU
		{1A67FF10-85D6-4F12-9DAD-F727C2400668}.Debug|x86.Build.0 = Debug|Any CPU
		{1A67FF10-85D6-4F12-9DAD-F727C2400668}.Release|Any CPU.ActiveCfg = Release|Any CPU
		{1A67FF10-85D6-4F12-9DAD-F727C2400668}.Release|Any CPU.Build.0 = Release|Any CPU
		{1A67FF10-85D6-4F12-9DAD-F727C2400668}.Release|x64.ActiveCfg = Release|Any CPU
		{1A67FF10-85D6-4F12-9DAD-F727C2400668}.Release|x64.Build.0 = Release|Any CPU
		{1A67FF10-85D6-4F12-9DAD-F727C2400668}.Release|x86.ActiveCfg = Release|Any CPU
		{1A67FF10-85D6-4F12-9DAD-F727C2400668}.Release|x86.Build.0 = Release|Any CPU
		{01C3311A-FF19-4E1F-9D3D-007126F27E0D}.Debug|Any CPU.ActiveCfg = Debug|Any CPU
		{01C3311A-FF19-4E1F-9D3D-007126F27E0D}.Debug|Any CPU.Build.0 = Debug|Any CPU
		{01C3311A-FF19-4E1F-9D3D-007126F27E0D}.Debug|x64.ActiveCfg = Debug|Any CPU
		{01C3311A-FF19-4E1F-9D3D-007126F27E0D}.Debug|x64.Build.0 = Debug|Any CPU
		{01C3311A-FF19-4E1F-9D3D-007126F27E0D}.Debug|x86.ActiveCfg = Debug|Any CPU
		{01C3311A-FF19-4E1F-9D3D-007126F27E0D}.Debug|x86.Build.0 = Debug|Any CPU
		{01C3311A-FF19-4E1F-9D3D-007126F27E0D}.Release|Any CPU.ActiveCfg = Release|Any CPU
		{01C3311A-FF19-4E1F-9D3D-007126F27E0D}.Release|Any CPU.Build.0 = Release|Any CPU
		{01C3311A-FF19-4E1F-9D3D-007126F27E0D}.Release|x64.ActiveCfg = Release|Any CPU
		{01C3311A-FF19-4E1F-9D3D-007126F27E0D}.Release|x64.Build.0 = Release|Any CPU
		{01C3311A-FF19-4E1F-9D3D-007126F27E0D}.Release|x86.ActiveCfg = Release|Any CPU
		{01C3311A-FF19-4E1F-9D3D-007126F27E0D}.Release|x86.Build.0 = Release|Any CPU
		{C614D585-3E93-42E3-B914-9AF50F8ADD0B}.Debug|Any CPU.ActiveCfg = Debug|Any CPU
		{C614D585-3E93-42E3-B914-9AF50F8ADD0B}.Debug|Any CPU.Build.0 = Debug|Any CPU
		{C614D585-3E93-42E3-B914-9AF50F8ADD0B}.Debug|x64.ActiveCfg = Debug|Any CPU
		{C614D585-3E93-42E3-B914-9AF50F8ADD0B}.Debug|x64.Build.0 = Debug|Any CPU
		{C614D585-3E93-42E3-B914-9AF50F8ADD0B}.Debug|x86.ActiveCfg = Debug|Any CPU
		{C614D585-3E93-42E3-B914-9AF50F8ADD0B}.Debug|x86.Build.0 = Debug|Any CPU
		{C614D585-3E93-42E3-B914-9AF50F8ADD0B}.Release|Any CPU.ActiveCfg = Release|Any CPU
		{C614D585-3E93-42E3-B914-9AF50F8ADD0B}.Release|Any CPU.Build.0 = Release|Any CPU
		{C614D585-3E93-42E3-B914-9AF50F8ADD0B}.Release|x64.ActiveCfg = Release|Any CPU
		{C614D585-3E93-42E3-B914-9AF50F8ADD0B}.Release|x64.Build.0 = Release|Any CPU
		{C614D585-3E93-42E3-B914-9AF50F8ADD0B}.Release|x86.ActiveCfg = Release|Any CPU
		{C614D585-3E93-42E3-B914-9AF50F8ADD0B}.Release|x86.Build.0 = Release|Any CPU
		{FBB0409B-17B0-4BFC-B13A-49C1EE7AA17E}.Debug|Any CPU.ActiveCfg = Debug|Any CPU
		{FBB0409B-17B0-4BFC-B13A-49C1EE7AA17E}.Debug|Any CPU.Build.0 = Debug|Any CPU
		{FBB0409B-17B0-4BFC-B13A-49C1EE7AA17E}.Debug|x64.ActiveCfg = Debug|Any CPU
		{FBB0409B-17B0-4BFC-B13A-49C1EE7AA17E}.Debug|x64.Build.0 = Debug|Any CPU
		{FBB0409B-17B0-4BFC-B13A-49C1EE7AA17E}.Debug|x86.ActiveCfg = Debug|Any CPU
		{FBB0409B-17B0-4BFC-B13A-49C1EE7AA17E}.Debug|x86.Build.0 = Debug|Any CPU
		{FBB0409B-17B0-4BFC-B13A-49C1EE7AA17E}.Release|Any CPU.ActiveCfg = Release|Any CPU
		{FBB0409B-17B0-4BFC-B13A-49C1EE7AA17E}.Release|Any CPU.Build.0 = Release|Any CPU
		{FBB0409B-17B0-4BFC-B13A-49C1EE7AA17E}.Release|x64.ActiveCfg = Release|Any CPU
		{FBB0409B-17B0-4BFC-B13A-49C1EE7AA17E}.Release|x64.Build.0 = Release|Any CPU
		{FBB0409B-17B0-4BFC-B13A-49C1EE7AA17E}.Release|x86.ActiveCfg = Release|Any CPU
		{FBB0409B-17B0-4BFC-B13A-49C1EE7AA17E}.Release|x86.Build.0 = Release|Any CPU
		{82335D66-F295-4D66-9F5A-122D8F6B8772}.Debug|Any CPU.ActiveCfg = Debug|Any CPU
		{82335D66-F295-4D66-9F5A-122D8F6B8772}.Debug|Any CPU.Build.0 = Debug|Any CPU
		{82335D66-F295-4D66-9F5A-122D8F6B8772}.Debug|x64.ActiveCfg = Debug|Any CPU
		{82335D66-F295-4D66-9F5A-122D8F6B8772}.Debug|x64.Build.0 = Debug|Any CPU
		{82335D66-F295-4D66-9F5A-122D8F6B8772}.Debug|x86.ActiveCfg = Debug|Any CPU
		{82335D66-F295-4D66-9F5A-122D8F6B8772}.Debug|x86.Build.0 = Debug|Any CPU
		{82335D66-F295-4D66-9F5A-122D8F6B8772}.Release|Any CPU.ActiveCfg = Release|Any CPU
		{82335D66-F295-4D66-9F5A-122D8F6B8772}.Release|Any CPU.Build.0 = Release|Any CPU
		{82335D66-F295-4D66-9F5A-122D8F6B8772}.Release|x64.ActiveCfg = Release|Any CPU
		{82335D66-F295-4D66-9F5A-122D8F6B8772}.Release|x64.Build.0 = Release|Any CPU
		{82335D66-F295-4D66-9F5A-122D8F6B8772}.Release|x86.ActiveCfg = Release|Any CPU
		{82335D66-F295-4D66-9F5A-122D8F6B8772}.Release|x86.Build.0 = Release|Any CPU
		{6E544382-8337-4075-A8AF-7B792701D44C}.Debug|Any CPU.ActiveCfg = Debug|Any CPU
		{6E544382-8337-4075-A8AF-7B792701D44C}.Debug|Any CPU.Build.0 = Debug|Any CPU
		{6E544382-8337-4075-A8AF-7B792701D44C}.Debug|x64.ActiveCfg = Debug|Any CPU
		{6E544382-8337-4075-A8AF-7B792701D44C}.Debug|x64.Build.0 = Debug|Any CPU
		{6E544382-8337-4075-A8AF-7B792701D44C}.Debug|x86.ActiveCfg = Debug|Any CPU
		{6E544382-8337-4075-A8AF-7B792701D44C}.Debug|x86.Build.0 = Debug|Any CPU
		{6E544382-8337-4075-A8AF-7B792701D44C}.Release|Any CPU.ActiveCfg = Release|Any CPU
		{6E544382-8337-4075-A8AF-7B792701D44C}.Release|Any CPU.Build.0 = Release|Any CPU
		{6E544382-8337-4075-A8AF-7B792701D44C}.Release|x64.ActiveCfg = Release|Any CPU
		{6E544382-8337-4075-A8AF-7B792701D44C}.Release|x64.Build.0 = Release|Any CPU
		{6E544382-8337-4075-A8AF-7B792701D44C}.Release|x86.ActiveCfg = Release|Any CPU
		{6E544382-8337-4075-A8AF-7B792701D44C}.Release|x86.Build.0 = Release|Any CPU
		{38EF91B6-3F82-4E3B-97F0-2569BC0564AE}.Debug|Any CPU.ActiveCfg = Debug|Any CPU
		{38EF91B6-3F82-4E3B-97F0-2569BC0564AE}.Debug|Any CPU.Build.0 = Debug|Any CPU
		{38EF91B6-3F82-4E3B-97F0-2569BC0564AE}.Debug|x64.ActiveCfg = Debug|Any CPU
		{38EF91B6-3F82-4E3B-97F0-2569BC0564AE}.Debug|x64.Build.0 = Debug|Any CPU
		{38EF91B6-3F82-4E3B-97F0-2569BC0564AE}.Debug|x86.ActiveCfg = Debug|Any CPU
		{38EF91B6-3F82-4E3B-97F0-2569BC0564AE}.Debug|x86.Build.0 = Debug|Any CPU
		{38EF91B6-3F82-4E3B-97F0-2569BC0564AE}.Release|Any CPU.ActiveCfg = Release|Any CPU
		{38EF91B6-3F82-4E3B-97F0-2569BC0564AE}.Release|Any CPU.Build.0 = Release|Any CPU
		{38EF91B6-3F82-4E3B-97F0-2569BC0564AE}.Release|x64.ActiveCfg = Release|Any CPU
		{38EF91B6-3F82-4E3B-97F0-2569BC0564AE}.Release|x64.Build.0 = Release|Any CPU
		{38EF91B6-3F82-4E3B-97F0-2569BC0564AE}.Release|x86.ActiveCfg = Release|Any CPU
		{38EF91B6-3F82-4E3B-97F0-2569BC0564AE}.Release|x86.Build.0 = Release|Any CPU
		{768CEA81-A44F-4D64-AC2B-1081C15816C5}.Debug|Any CPU.ActiveCfg = Debug|Any CPU
		{768CEA81-A44F-4D64-AC2B-1081C15816C5}.Debug|Any CPU.Build.0 = Debug|Any CPU
		{768CEA81-A44F-4D64-AC2B-1081C15816C5}.Debug|x64.ActiveCfg = Debug|Any CPU
		{768CEA81-A44F-4D64-AC2B-1081C15816C5}.Debug|x64.Build.0 = Debug|Any CPU
		{768CEA81-A44F-4D64-AC2B-1081C15816C5}.Debug|x86.ActiveCfg = Debug|Any CPU
		{768CEA81-A44F-4D64-AC2B-1081C15816C5}.Debug|x86.Build.0 = Debug|Any CPU
		{768CEA81-A44F-4D64-AC2B-1081C15816C5}.Release|Any CPU.ActiveCfg = Release|Any CPU
		{768CEA81-A44F-4D64-AC2B-1081C15816C5}.Release|Any CPU.Build.0 = Release|Any CPU
		{768CEA81-A44F-4D64-AC2B-1081C15816C5}.Release|x64.ActiveCfg = Release|Any CPU
		{768CEA81-A44F-4D64-AC2B-1081C15816C5}.Release|x64.Build.0 = Release|Any CPU
		{768CEA81-A44F-4D64-AC2B-1081C15816C5}.Release|x86.ActiveCfg = Release|Any CPU
		{768CEA81-A44F-4D64-AC2B-1081C15816C5}.Release|x86.Build.0 = Release|Any CPU
		{20D1BAEF-6C14-4579-8B9D-8127632E794D}.Debug|Any CPU.ActiveCfg = Debug|Any CPU
		{20D1BAEF-6C14-4579-8B9D-8127632E794D}.Debug|Any CPU.Build.0 = Debug|Any CPU
		{20D1BAEF-6C14-4579-8B9D-8127632E794D}.Debug|x64.ActiveCfg = Debug|Any CPU
		{20D1BAEF-6C14-4579-8B9D-8127632E794D}.Debug|x64.Build.0 = Debug|Any CPU
		{20D1BAEF-6C14-4579-8B9D-8127632E794D}.Debug|x86.ActiveCfg = Debug|Any CPU
		{20D1BAEF-6C14-4579-8B9D-8127632E794D}.Debug|x86.Build.0 = Debug|Any CPU
		{20D1BAEF-6C14-4579-8B9D-8127632E794D}.Release|Any CPU.ActiveCfg = Release|Any CPU
		{20D1BAEF-6C14-4579-8B9D-8127632E794D}.Release|Any CPU.Build.0 = Release|Any CPU
		{20D1BAEF-6C14-4579-8B9D-8127632E794D}.Release|x64.ActiveCfg = Release|Any CPU
		{20D1BAEF-6C14-4579-8B9D-8127632E794D}.Release|x64.Build.0 = Release|Any CPU
		{20D1BAEF-6C14-4579-8B9D-8127632E794D}.Release|x86.ActiveCfg = Release|Any CPU
		{20D1BAEF-6C14-4579-8B9D-8127632E794D}.Release|x86.Build.0 = Release|Any CPU
		{4E164CDE-D64C-4270-9259-A4A260433390}.Debug|Any CPU.ActiveCfg = Debug|Any CPU
		{4E164CDE-D64C-4270-9259-A4A260433390}.Debug|Any CPU.Build.0 = Debug|Any CPU
		{4E164CDE-D64C-4270-9259-A4A260433390}.Debug|x64.ActiveCfg = Debug|Any CPU
		{4E164CDE-D64C-4270-9259-A4A260433390}.Debug|x64.Build.0 = Debug|Any CPU
		{4E164CDE-D64C-4270-9259-A4A260433390}.Debug|x86.ActiveCfg = Debug|Any CPU
		{4E164CDE-D64C-4270-9259-A4A260433390}.Debug|x86.Build.0 = Debug|Any CPU
		{4E164CDE-D64C-4270-9259-A4A260433390}.Release|Any CPU.ActiveCfg = Release|Any CPU
		{4E164CDE-D64C-4270-9259-A4A260433390}.Release|Any CPU.Build.0 = Release|Any CPU
		{4E164CDE-D64C-4270-9259-A4A260433390}.Release|x64.ActiveCfg = Release|Any CPU
		{4E164CDE-D64C-4270-9259-A4A260433390}.Release|x64.Build.0 = Release|Any CPU
		{4E164CDE-D64C-4270-9259-A4A260433390}.Release|x86.ActiveCfg = Release|Any CPU
		{4E164CDE-D64C-4270-9259-A4A260433390}.Release|x86.Build.0 = Release|Any CPU
		{34A4741F-B0B3-4DD6-8FA7-97EA8069F273}.Debug|Any CPU.ActiveCfg = Debug|Any CPU
		{34A4741F-B0B3-4DD6-8FA7-97EA8069F273}.Debug|Any CPU.Build.0 = Debug|Any CPU
		{34A4741F-B0B3-4DD6-8FA7-97EA8069F273}.Debug|x64.ActiveCfg = Debug|Any CPU
		{34A4741F-B0B3-4DD6-8FA7-97EA8069F273}.Debug|x64.Build.0 = Debug|Any CPU
		{34A4741F-B0B3-4DD6-8FA7-97EA8069F273}.Debug|x86.ActiveCfg = Debug|Any CPU
		{34A4741F-B0B3-4DD6-8FA7-97EA8069F273}.Debug|x86.Build.0 = Debug|Any CPU
		{34A4741F-B0B3-4DD6-8FA7-97EA8069F273}.Release|Any CPU.ActiveCfg = Release|Any CPU
		{34A4741F-B0B3-4DD6-8FA7-97EA8069F273}.Release|Any CPU.Build.0 = Release|Any CPU
		{34A4741F-B0B3-4DD6-8FA7-97EA8069F273}.Release|x64.ActiveCfg = Release|Any CPU
		{34A4741F-B0B3-4DD6-8FA7-97EA8069F273}.Release|x64.Build.0 = Release|Any CPU
		{34A4741F-B0B3-4DD6-8FA7-97EA8069F273}.Release|x86.ActiveCfg = Release|Any CPU
		{34A4741F-B0B3-4DD6-8FA7-97EA8069F273}.Release|x86.Build.0 = Release|Any CPU
		{DF6E6FD0-68E6-4AD4-9087-806CAEEBFDB2}.Debug|Any CPU.ActiveCfg = Debug|Any CPU
		{DF6E6FD0-68E6-4AD4-9087-806CAEEBFDB2}.Debug|Any CPU.Build.0 = Debug|Any CPU
		{DF6E6FD0-68E6-4AD4-9087-806CAEEBFDB2}.Debug|x64.ActiveCfg = Debug|Any CPU
		{DF6E6FD0-68E6-4AD4-9087-806CAEEBFDB2}.Debug|x64.Build.0 = Debug|Any CPU
		{DF6E6FD0-68E6-4AD4-9087-806CAEEBFDB2}.Debug|x86.ActiveCfg = Debug|Any CPU
		{DF6E6FD0-68E6-4AD4-9087-806CAEEBFDB2}.Debug|x86.Build.0 = Debug|Any CPU
		{DF6E6FD0-68E6-4AD4-9087-806CAEEBFDB2}.Release|Any CPU.ActiveCfg = Release|Any CPU
		{DF6E6FD0-68E6-4AD4-9087-806CAEEBFDB2}.Release|Any CPU.Build.0 = Release|Any CPU
		{DF6E6FD0-68E6-4AD4-9087-806CAEEBFDB2}.Release|x64.ActiveCfg = Release|Any CPU
		{DF6E6FD0-68E6-4AD4-9087-806CAEEBFDB2}.Release|x64.Build.0 = Release|Any CPU
		{DF6E6FD0-68E6-4AD4-9087-806CAEEBFDB2}.Release|x86.ActiveCfg = Release|Any CPU
		{DF6E6FD0-68E6-4AD4-9087-806CAEEBFDB2}.Release|x86.Build.0 = Release|Any CPU
		{B91EEEEA-0B37-4195-BAF7-8A0D80EE0CF7}.Debug|Any CPU.ActiveCfg = Debug|Any CPU
		{B91EEEEA-0B37-4195-BAF7-8A0D80EE0CF7}.Debug|Any CPU.Build.0 = Debug|Any CPU
		{B91EEEEA-0B37-4195-BAF7-8A0D80EE0CF7}.Debug|x64.ActiveCfg = Debug|Any CPU
		{B91EEEEA-0B37-4195-BAF7-8A0D80EE0CF7}.Debug|x64.Build.0 = Debug|Any CPU
		{B91EEEEA-0B37-4195-BAF7-8A0D80EE0CF7}.Debug|x86.ActiveCfg = Debug|Any CPU
		{B91EEEEA-0B37-4195-BAF7-8A0D80EE0CF7}.Debug|x86.Build.0 = Debug|Any CPU
		{B91EEEEA-0B37-4195-BAF7-8A0D80EE0CF7}.Release|Any CPU.ActiveCfg = Release|Any CPU
		{B91EEEEA-0B37-4195-BAF7-8A0D80EE0CF7}.Release|Any CPU.Build.0 = Release|Any CPU
		{B91EEEEA-0B37-4195-BAF7-8A0D80EE0CF7}.Release|x64.ActiveCfg = Release|Any CPU
		{B91EEEEA-0B37-4195-BAF7-8A0D80EE0CF7}.Release|x64.Build.0 = Release|Any CPU
		{B91EEEEA-0B37-4195-BAF7-8A0D80EE0CF7}.Release|x86.ActiveCfg = Release|Any CPU
		{B91EEEEA-0B37-4195-BAF7-8A0D80EE0CF7}.Release|x86.Build.0 = Release|Any CPU
		{1CD72342-3D5F-4E47-99C7-F66922CF6E4A}.Debug|Any CPU.ActiveCfg = Debug|Any CPU
		{1CD72342-3D5F-4E47-99C7-F66922CF6E4A}.Debug|Any CPU.Build.0 = Debug|Any CPU
		{1CD72342-3D5F-4E47-99C7-F66922CF6E4A}.Debug|x64.ActiveCfg = Debug|Any CPU
		{1CD72342-3D5F-4E47-99C7-F66922CF6E4A}.Debug|x64.Build.0 = Debug|Any CPU
		{1CD72342-3D5F-4E47-99C7-F66922CF6E4A}.Debug|x86.ActiveCfg = Debug|Any CPU
		{1CD72342-3D5F-4E47-99C7-F66922CF6E4A}.Debug|x86.Build.0 = Debug|Any CPU
		{1CD72342-3D5F-4E47-99C7-F66922CF6E4A}.Release|Any CPU.ActiveCfg = Release|Any CPU
		{1CD72342-3D5F-4E47-99C7-F66922CF6E4A}.Release|Any CPU.Build.0 = Release|Any CPU
		{1CD72342-3D5F-4E47-99C7-F66922CF6E4A}.Release|x64.ActiveCfg = Release|Any CPU
		{1CD72342-3D5F-4E47-99C7-F66922CF6E4A}.Release|x64.Build.0 = Release|Any CPU
		{1CD72342-3D5F-4E47-99C7-F66922CF6E4A}.Release|x86.ActiveCfg = Release|Any CPU
		{1CD72342-3D5F-4E47-99C7-F66922CF6E4A}.Release|x86.Build.0 = Release|Any CPU
		{857480ED-C6B4-4485-9B37-4B8B4382D855}.Debug|Any CPU.ActiveCfg = Debug|Any CPU
		{857480ED-C6B4-4485-9B37-4B8B4382D855}.Debug|Any CPU.Build.0 = Debug|Any CPU
		{857480ED-C6B4-4485-9B37-4B8B4382D855}.Debug|x64.ActiveCfg = Debug|Any CPU
		{857480ED-C6B4-4485-9B37-4B8B4382D855}.Debug|x64.Build.0 = Debug|Any CPU
		{857480ED-C6B4-4485-9B37-4B8B4382D855}.Debug|x86.ActiveCfg = Debug|Any CPU
		{857480ED-C6B4-4485-9B37-4B8B4382D855}.Debug|x86.Build.0 = Debug|Any CPU
		{857480ED-C6B4-4485-9B37-4B8B4382D855}.Release|Any CPU.ActiveCfg = Release|Any CPU
		{857480ED-C6B4-4485-9B37-4B8B4382D855}.Release|Any CPU.Build.0 = Release|Any CPU
		{857480ED-C6B4-4485-9B37-4B8B4382D855}.Release|x64.ActiveCfg = Release|Any CPU
		{857480ED-C6B4-4485-9B37-4B8B4382D855}.Release|x64.Build.0 = Release|Any CPU
		{857480ED-C6B4-4485-9B37-4B8B4382D855}.Release|x86.ActiveCfg = Release|Any CPU
		{857480ED-C6B4-4485-9B37-4B8B4382D855}.Release|x86.Build.0 = Release|Any CPU
		{032476B7-F28C-4358-A823-858162BD4449}.Debug|Any CPU.ActiveCfg = Debug|Any CPU
		{032476B7-F28C-4358-A823-858162BD4449}.Debug|Any CPU.Build.0 = Debug|Any CPU
		{032476B7-F28C-4358-A823-858162BD4449}.Debug|x64.ActiveCfg = Debug|Any CPU
		{032476B7-F28C-4358-A823-858162BD4449}.Debug|x64.Build.0 = Debug|Any CPU
		{032476B7-F28C-4358-A823-858162BD4449}.Debug|x86.ActiveCfg = Debug|Any CPU
		{032476B7-F28C-4358-A823-858162BD4449}.Debug|x86.Build.0 = Debug|Any CPU
		{032476B7-F28C-4358-A823-858162BD4449}.Release|Any CPU.ActiveCfg = Release|Any CPU
		{032476B7-F28C-4358-A823-858162BD4449}.Release|Any CPU.Build.0 = Release|Any CPU
		{032476B7-F28C-4358-A823-858162BD4449}.Release|x64.ActiveCfg = Release|Any CPU
		{032476B7-F28C-4358-A823-858162BD4449}.Release|x64.Build.0 = Release|Any CPU
		{032476B7-F28C-4358-A823-858162BD4449}.Release|x86.ActiveCfg = Release|Any CPU
		{032476B7-F28C-4358-A823-858162BD4449}.Release|x86.Build.0 = Release|Any CPU
		{74EB2F9F-FAB4-4F85-B90A-2A9528E8C42F}.Debug|Any CPU.ActiveCfg = Debug|Any CPU
		{74EB2F9F-FAB4-4F85-B90A-2A9528E8C42F}.Debug|Any CPU.Build.0 = Debug|Any CPU
		{74EB2F9F-FAB4-4F85-B90A-2A9528E8C42F}.Debug|x64.ActiveCfg = Debug|Any CPU
		{74EB2F9F-FAB4-4F85-B90A-2A9528E8C42F}.Debug|x64.Build.0 = Debug|Any CPU
		{74EB2F9F-FAB4-4F85-B90A-2A9528E8C42F}.Debug|x86.ActiveCfg = Debug|Any CPU
		{74EB2F9F-FAB4-4F85-B90A-2A9528E8C42F}.Debug|x86.Build.0 = Debug|Any CPU
		{74EB2F9F-FAB4-4F85-B90A-2A9528E8C42F}.Release|Any CPU.ActiveCfg = Release|Any CPU
		{74EB2F9F-FAB4-4F85-B90A-2A9528E8C42F}.Release|Any CPU.Build.0 = Release|Any CPU
		{74EB2F9F-FAB4-4F85-B90A-2A9528E8C42F}.Release|x64.ActiveCfg = Release|Any CPU
		{74EB2F9F-FAB4-4F85-B90A-2A9528E8C42F}.Release|x64.Build.0 = Release|Any CPU
		{74EB2F9F-FAB4-4F85-B90A-2A9528E8C42F}.Release|x86.ActiveCfg = Release|Any CPU
		{74EB2F9F-FAB4-4F85-B90A-2A9528E8C42F}.Release|x86.Build.0 = Release|Any CPU
		{9A3B9896-94F7-45E6-84C0-8B29C93546D1}.Debug|Any CPU.ActiveCfg = Debug|Any CPU
		{9A3B9896-94F7-45E6-84C0-8B29C93546D1}.Debug|Any CPU.Build.0 = Debug|Any CPU
		{9A3B9896-94F7-45E6-84C0-8B29C93546D1}.Debug|x64.ActiveCfg = Debug|Any CPU
		{9A3B9896-94F7-45E6-84C0-8B29C93546D1}.Debug|x64.Build.0 = Debug|Any CPU
		{9A3B9896-94F7-45E6-84C0-8B29C93546D1}.Debug|x86.ActiveCfg = Debug|Any CPU
		{9A3B9896-94F7-45E6-84C0-8B29C93546D1}.Debug|x86.Build.0 = Debug|Any CPU
		{9A3B9896-94F7-45E6-84C0-8B29C93546D1}.Release|Any CPU.ActiveCfg = Release|Any CPU
		{9A3B9896-94F7-45E6-84C0-8B29C93546D1}.Release|Any CPU.Build.0 = Release|Any CPU
		{9A3B9896-94F7-45E6-84C0-8B29C93546D1}.Release|x64.ActiveCfg = Release|Any CPU
		{9A3B9896-94F7-45E6-84C0-8B29C93546D1}.Release|x64.Build.0 = Release|Any CPU
		{9A3B9896-94F7-45E6-84C0-8B29C93546D1}.Release|x86.ActiveCfg = Release|Any CPU
		{9A3B9896-94F7-45E6-84C0-8B29C93546D1}.Release|x86.Build.0 = Release|Any CPU
		{4511979B-C386-46B2-BB9D-6FB4677BE744}.Debug|Any CPU.ActiveCfg = Debug|Any CPU
		{4511979B-C386-46B2-BB9D-6FB4677BE744}.Debug|Any CPU.Build.0 = Debug|Any CPU
		{4511979B-C386-46B2-BB9D-6FB4677BE744}.Debug|x64.ActiveCfg = Debug|Any CPU
		{4511979B-C386-46B2-BB9D-6FB4677BE744}.Debug|x64.Build.0 = Debug|Any CPU
		{4511979B-C386-46B2-BB9D-6FB4677BE744}.Debug|x86.ActiveCfg = Debug|Any CPU
		{4511979B-C386-46B2-BB9D-6FB4677BE744}.Debug|x86.Build.0 = Debug|Any CPU
		{4511979B-C386-46B2-BB9D-6FB4677BE744}.Release|Any CPU.ActiveCfg = Release|Any CPU
		{4511979B-C386-46B2-BB9D-6FB4677BE744}.Release|Any CPU.Build.0 = Release|Any CPU
		{4511979B-C386-46B2-BB9D-6FB4677BE744}.Release|x64.ActiveCfg = Release|Any CPU
		{4511979B-C386-46B2-BB9D-6FB4677BE744}.Release|x64.Build.0 = Release|Any CPU
		{4511979B-C386-46B2-BB9D-6FB4677BE744}.Release|x86.ActiveCfg = Release|Any CPU
		{4511979B-C386-46B2-BB9D-6FB4677BE744}.Release|x86.Build.0 = Release|Any CPU
		{71B46BA3-6876-4AE3-98DA-AB6BB20D91B4}.Debug|Any CPU.ActiveCfg = Debug|Any CPU
		{71B46BA3-6876-4AE3-98DA-AB6BB20D91B4}.Debug|Any CPU.Build.0 = Debug|Any CPU
		{71B46BA3-6876-4AE3-98DA-AB6BB20D91B4}.Debug|x64.ActiveCfg = Debug|Any CPU
		{71B46BA3-6876-4AE3-98DA-AB6BB20D91B4}.Debug|x64.Build.0 = Debug|Any CPU
		{71B46BA3-6876-4AE3-98DA-AB6BB20D91B4}.Debug|x86.ActiveCfg = Debug|Any CPU
		{71B46BA3-6876-4AE3-98DA-AB6BB20D91B4}.Debug|x86.Build.0 = Debug|Any CPU
		{71B46BA3-6876-4AE3-98DA-AB6BB20D91B4}.Release|Any CPU.ActiveCfg = Release|Any CPU
		{71B46BA3-6876-4AE3-98DA-AB6BB20D91B4}.Release|Any CPU.Build.0 = Release|Any CPU
		{71B46BA3-6876-4AE3-98DA-AB6BB20D91B4}.Release|x64.ActiveCfg = Release|Any CPU
		{71B46BA3-6876-4AE3-98DA-AB6BB20D91B4}.Release|x64.Build.0 = Release|Any CPU
		{71B46BA3-6876-4AE3-98DA-AB6BB20D91B4}.Release|x86.ActiveCfg = Release|Any CPU
		{71B46BA3-6876-4AE3-98DA-AB6BB20D91B4}.Release|x86.Build.0 = Release|Any CPU
		{01253B5C-F1F7-429B-9020-FEFFFD976CD1}.Debug|Any CPU.ActiveCfg = Debug|Any CPU
		{01253B5C-F1F7-429B-9020-FEFFFD976CD1}.Debug|Any CPU.Build.0 = Debug|Any CPU
		{01253B5C-F1F7-429B-9020-FEFFFD976CD1}.Debug|x64.ActiveCfg = Debug|Any CPU
		{01253B5C-F1F7-429B-9020-FEFFFD976CD1}.Debug|x64.Build.0 = Debug|Any CPU
		{01253B5C-F1F7-429B-9020-FEFFFD976CD1}.Debug|x86.ActiveCfg = Debug|Any CPU
		{01253B5C-F1F7-429B-9020-FEFFFD976CD1}.Debug|x86.Build.0 = Debug|Any CPU
		{01253B5C-F1F7-429B-9020-FEFFFD976CD1}.Release|Any CPU.ActiveCfg = Release|Any CPU
		{01253B5C-F1F7-429B-9020-FEFFFD976CD1}.Release|Any CPU.Build.0 = Release|Any CPU
		{01253B5C-F1F7-429B-9020-FEFFFD976CD1}.Release|x64.ActiveCfg = Release|Any CPU
		{01253B5C-F1F7-429B-9020-FEFFFD976CD1}.Release|x64.Build.0 = Release|Any CPU
		{01253B5C-F1F7-429B-9020-FEFFFD976CD1}.Release|x86.ActiveCfg = Release|Any CPU
		{01253B5C-F1F7-429B-9020-FEFFFD976CD1}.Release|x86.Build.0 = Release|Any CPU
		{B76D8E71-CB6F-4620-90A5-1D03ED4FF8FF}.Debug|Any CPU.ActiveCfg = Debug|Any CPU
		{B76D8E71-CB6F-4620-90A5-1D03ED4FF8FF}.Debug|Any CPU.Build.0 = Debug|Any CPU
		{B76D8E71-CB6F-4620-90A5-1D03ED4FF8FF}.Debug|x64.ActiveCfg = Debug|Any CPU
		{B76D8E71-CB6F-4620-90A5-1D03ED4FF8FF}.Debug|x64.Build.0 = Debug|Any CPU
		{B76D8E71-CB6F-4620-90A5-1D03ED4FF8FF}.Debug|x86.ActiveCfg = Debug|Any CPU
		{B76D8E71-CB6F-4620-90A5-1D03ED4FF8FF}.Debug|x86.Build.0 = Debug|Any CPU
		{B76D8E71-CB6F-4620-90A5-1D03ED4FF8FF}.Release|Any CPU.ActiveCfg = Release|Any CPU
		{B76D8E71-CB6F-4620-90A5-1D03ED4FF8FF}.Release|Any CPU.Build.0 = Release|Any CPU
		{B76D8E71-CB6F-4620-90A5-1D03ED4FF8FF}.Release|x64.ActiveCfg = Release|Any CPU
		{B76D8E71-CB6F-4620-90A5-1D03ED4FF8FF}.Release|x64.Build.0 = Release|Any CPU
		{B76D8E71-CB6F-4620-90A5-1D03ED4FF8FF}.Release|x86.ActiveCfg = Release|Any CPU
		{B76D8E71-CB6F-4620-90A5-1D03ED4FF8FF}.Release|x86.Build.0 = Release|Any CPU
		{8C675FF7-2AB6-4D84-A212-2C0F97DD3842}.Debug|Any CPU.ActiveCfg = Debug|Any CPU
		{8C675FF7-2AB6-4D84-A212-2C0F97DD3842}.Debug|Any CPU.Build.0 = Debug|Any CPU
		{8C675FF7-2AB6-4D84-A212-2C0F97DD3842}.Debug|x64.ActiveCfg = Debug|Any CPU
		{8C675FF7-2AB6-4D84-A212-2C0F97DD3842}.Debug|x64.Build.0 = Debug|Any CPU
		{8C675FF7-2AB6-4D84-A212-2C0F97DD3842}.Debug|x86.ActiveCfg = Debug|Any CPU
		{8C675FF7-2AB6-4D84-A212-2C0F97DD3842}.Debug|x86.Build.0 = Debug|Any CPU
		{8C675FF7-2AB6-4D84-A212-2C0F97DD3842}.Release|Any CPU.ActiveCfg = Release|Any CPU
		{8C675FF7-2AB6-4D84-A212-2C0F97DD3842}.Release|Any CPU.Build.0 = Release|Any CPU
		{8C675FF7-2AB6-4D84-A212-2C0F97DD3842}.Release|x64.ActiveCfg = Release|Any CPU
		{8C675FF7-2AB6-4D84-A212-2C0F97DD3842}.Release|x64.Build.0 = Release|Any CPU
		{8C675FF7-2AB6-4D84-A212-2C0F97DD3842}.Release|x86.ActiveCfg = Release|Any CPU
		{8C675FF7-2AB6-4D84-A212-2C0F97DD3842}.Release|x86.Build.0 = Release|Any CPU
		{2550DE18-4326-424A-8D06-B200EDA264F3}.Debug|Any CPU.ActiveCfg = Debug|Any CPU
		{2550DE18-4326-424A-8D06-B200EDA264F3}.Debug|Any CPU.Build.0 = Debug|Any CPU
		{2550DE18-4326-424A-8D06-B200EDA264F3}.Debug|x64.ActiveCfg = Debug|Any CPU
		{2550DE18-4326-424A-8D06-B200EDA264F3}.Debug|x64.Build.0 = Debug|Any CPU
		{2550DE18-4326-424A-8D06-B200EDA264F3}.Debug|x86.ActiveCfg = Debug|Any CPU
		{2550DE18-4326-424A-8D06-B200EDA264F3}.Debug|x86.Build.0 = Debug|Any CPU
		{2550DE18-4326-424A-8D06-B200EDA264F3}.Release|Any CPU.ActiveCfg = Release|Any CPU
		{2550DE18-4326-424A-8D06-B200EDA264F3}.Release|Any CPU.Build.0 = Release|Any CPU
		{2550DE18-4326-424A-8D06-B200EDA264F3}.Release|x64.ActiveCfg = Release|Any CPU
		{2550DE18-4326-424A-8D06-B200EDA264F3}.Release|x64.Build.0 = Release|Any CPU
		{2550DE18-4326-424A-8D06-B200EDA264F3}.Release|x86.ActiveCfg = Release|Any CPU
		{2550DE18-4326-424A-8D06-B200EDA264F3}.Release|x86.Build.0 = Release|Any CPU
		{5DAA7629-8B61-48EF-A604-509930CAD452}.Debug|Any CPU.ActiveCfg = Debug|Any CPU
		{5DAA7629-8B61-48EF-A604-509930CAD452}.Debug|Any CPU.Build.0 = Debug|Any CPU
		{5DAA7629-8B61-48EF-A604-509930CAD452}.Debug|x64.ActiveCfg = Debug|Any CPU
		{5DAA7629-8B61-48EF-A604-509930CAD452}.Debug|x64.Build.0 = Debug|Any CPU
		{5DAA7629-8B61-48EF-A604-509930CAD452}.Debug|x86.ActiveCfg = Debug|Any CPU
		{5DAA7629-8B61-48EF-A604-509930CAD452}.Debug|x86.Build.0 = Debug|Any CPU
		{5DAA7629-8B61-48EF-A604-509930CAD452}.Release|Any CPU.ActiveCfg = Release|Any CPU
		{5DAA7629-8B61-48EF-A604-509930CAD452}.Release|Any CPU.Build.0 = Release|Any CPU
		{5DAA7629-8B61-48EF-A604-509930CAD452}.Release|x64.ActiveCfg = Release|Any CPU
		{5DAA7629-8B61-48EF-A604-509930CAD452}.Release|x64.Build.0 = Release|Any CPU
		{5DAA7629-8B61-48EF-A604-509930CAD452}.Release|x86.ActiveCfg = Release|Any CPU
		{5DAA7629-8B61-48EF-A604-509930CAD452}.Release|x86.Build.0 = Release|Any CPU
		{77CBB55E-228B-4147-9D0D-687EF500E296}.Debug|Any CPU.ActiveCfg = Debug|Any CPU
		{77CBB55E-228B-4147-9D0D-687EF500E296}.Debug|Any CPU.Build.0 = Debug|Any CPU
		{77CBB55E-228B-4147-9D0D-687EF500E296}.Debug|x64.ActiveCfg = Debug|Any CPU
		{77CBB55E-228B-4147-9D0D-687EF500E296}.Debug|x64.Build.0 = Debug|Any CPU
		{77CBB55E-228B-4147-9D0D-687EF500E296}.Debug|x86.ActiveCfg = Debug|Any CPU
		{77CBB55E-228B-4147-9D0D-687EF500E296}.Debug|x86.Build.0 = Debug|Any CPU
		{77CBB55E-228B-4147-9D0D-687EF500E296}.Release|Any CPU.ActiveCfg = Release|Any CPU
		{77CBB55E-228B-4147-9D0D-687EF500E296}.Release|Any CPU.Build.0 = Release|Any CPU
		{77CBB55E-228B-4147-9D0D-687EF500E296}.Release|x64.ActiveCfg = Release|Any CPU
		{77CBB55E-228B-4147-9D0D-687EF500E296}.Release|x64.Build.0 = Release|Any CPU
		{77CBB55E-228B-4147-9D0D-687EF500E296}.Release|x86.ActiveCfg = Release|Any CPU
		{77CBB55E-228B-4147-9D0D-687EF500E296}.Release|x86.Build.0 = Release|Any CPU
		{593BA6BE-CACD-45DC-88D4-33154E3625FC}.Debug|Any CPU.ActiveCfg = Debug|Any CPU
		{593BA6BE-CACD-45DC-88D4-33154E3625FC}.Debug|Any CPU.Build.0 = Debug|Any CPU
		{593BA6BE-CACD-45DC-88D4-33154E3625FC}.Debug|x64.ActiveCfg = Debug|Any CPU
		{593BA6BE-CACD-45DC-88D4-33154E3625FC}.Debug|x64.Build.0 = Debug|Any CPU
		{593BA6BE-CACD-45DC-88D4-33154E3625FC}.Debug|x86.ActiveCfg = Debug|Any CPU
		{593BA6BE-CACD-45DC-88D4-33154E3625FC}.Debug|x86.Build.0 = Debug|Any CPU
		{593BA6BE-CACD-45DC-88D4-33154E3625FC}.Release|Any CPU.ActiveCfg = Release|Any CPU
		{593BA6BE-CACD-45DC-88D4-33154E3625FC}.Release|Any CPU.Build.0 = Release|Any CPU
		{593BA6BE-CACD-45DC-88D4-33154E3625FC}.Release|x64.ActiveCfg = Release|Any CPU
		{593BA6BE-CACD-45DC-88D4-33154E3625FC}.Release|x64.Build.0 = Release|Any CPU
		{593BA6BE-CACD-45DC-88D4-33154E3625FC}.Release|x86.ActiveCfg = Release|Any CPU
		{593BA6BE-CACD-45DC-88D4-33154E3625FC}.Release|x86.Build.0 = Release|Any CPU
		{23054199-E83B-478A-88F2-588A9C12D917}.Debug|Any CPU.ActiveCfg = Debug|Any CPU
		{23054199-E83B-478A-88F2-588A9C12D917}.Debug|Any CPU.Build.0 = Debug|Any CPU
		{23054199-E83B-478A-88F2-588A9C12D917}.Debug|x64.ActiveCfg = Debug|Any CPU
		{23054199-E83B-478A-88F2-588A9C12D917}.Debug|x64.Build.0 = Debug|Any CPU
		{23054199-E83B-478A-88F2-588A9C12D917}.Debug|x86.ActiveCfg = Debug|Any CPU
		{23054199-E83B-478A-88F2-588A9C12D917}.Debug|x86.Build.0 = Debug|Any CPU
		{23054199-E83B-478A-88F2-588A9C12D917}.Release|Any CPU.ActiveCfg = Release|Any CPU
		{23054199-E83B-478A-88F2-588A9C12D917}.Release|Any CPU.Build.0 = Release|Any CPU
		{23054199-E83B-478A-88F2-588A9C12D917}.Release|x64.ActiveCfg = Release|Any CPU
		{23054199-E83B-478A-88F2-588A9C12D917}.Release|x64.Build.0 = Release|Any CPU
		{23054199-E83B-478A-88F2-588A9C12D917}.Release|x86.ActiveCfg = Release|Any CPU
		{23054199-E83B-478A-88F2-588A9C12D917}.Release|x86.Build.0 = Release|Any CPU
		{37A10CE4-7063-4BB3-BA3A-05E4E99E2D63}.Debug|Any CPU.ActiveCfg = Debug|Any CPU
		{37A10CE4-7063-4BB3-BA3A-05E4E99E2D63}.Debug|Any CPU.Build.0 = Debug|Any CPU
		{37A10CE4-7063-4BB3-BA3A-05E4E99E2D63}.Debug|x64.ActiveCfg = Debug|Any CPU
		{37A10CE4-7063-4BB3-BA3A-05E4E99E2D63}.Debug|x64.Build.0 = Debug|Any CPU
		{37A10CE4-7063-4BB3-BA3A-05E4E99E2D63}.Debug|x86.ActiveCfg = Debug|Any CPU
		{37A10CE4-7063-4BB3-BA3A-05E4E99E2D63}.Debug|x86.Build.0 = Debug|Any CPU
		{37A10CE4-7063-4BB3-BA3A-05E4E99E2D63}.Release|Any CPU.ActiveCfg = Release|Any CPU
		{37A10CE4-7063-4BB3-BA3A-05E4E99E2D63}.Release|Any CPU.Build.0 = Release|Any CPU
		{37A10CE4-7063-4BB3-BA3A-05E4E99E2D63}.Release|x64.ActiveCfg = Release|Any CPU
		{37A10CE4-7063-4BB3-BA3A-05E4E99E2D63}.Release|x64.Build.0 = Release|Any CPU
		{37A10CE4-7063-4BB3-BA3A-05E4E99E2D63}.Release|x86.ActiveCfg = Release|Any CPU
		{37A10CE4-7063-4BB3-BA3A-05E4E99E2D63}.Release|x86.Build.0 = Release|Any CPU
		{EAAF435B-0A4C-412F-B5EE-2613DDFC716A}.Debug|Any CPU.ActiveCfg = Debug|Any CPU
		{EAAF435B-0A4C-412F-B5EE-2613DDFC716A}.Debug|Any CPU.Build.0 = Debug|Any CPU
		{EAAF435B-0A4C-412F-B5EE-2613DDFC716A}.Debug|x64.ActiveCfg = Debug|Any CPU
		{EAAF435B-0A4C-412F-B5EE-2613DDFC716A}.Debug|x64.Build.0 = Debug|Any CPU
		{EAAF435B-0A4C-412F-B5EE-2613DDFC716A}.Debug|x86.ActiveCfg = Debug|Any CPU
		{EAAF435B-0A4C-412F-B5EE-2613DDFC716A}.Debug|x86.Build.0 = Debug|Any CPU
		{EAAF435B-0A4C-412F-B5EE-2613DDFC716A}.Release|Any CPU.ActiveCfg = Release|Any CPU
		{EAAF435B-0A4C-412F-B5EE-2613DDFC716A}.Release|Any CPU.Build.0 = Release|Any CPU
		{EAAF435B-0A4C-412F-B5EE-2613DDFC716A}.Release|x64.ActiveCfg = Release|Any CPU
		{EAAF435B-0A4C-412F-B5EE-2613DDFC716A}.Release|x64.Build.0 = Release|Any CPU
		{EAAF435B-0A4C-412F-B5EE-2613DDFC716A}.Release|x86.ActiveCfg = Release|Any CPU
		{EAAF435B-0A4C-412F-B5EE-2613DDFC716A}.Release|x86.Build.0 = Release|Any CPU
		{93F669EE-FC06-4240-A82C-E5F672857787}.Debug|Any CPU.ActiveCfg = Debug|Any CPU
		{93F669EE-FC06-4240-A82C-E5F672857787}.Debug|Any CPU.Build.0 = Debug|Any CPU
		{93F669EE-FC06-4240-A82C-E5F672857787}.Debug|x64.ActiveCfg = Debug|Any CPU
		{93F669EE-FC06-4240-A82C-E5F672857787}.Debug|x64.Build.0 = Debug|Any CPU
		{93F669EE-FC06-4240-A82C-E5F672857787}.Debug|x86.ActiveCfg = Debug|Any CPU
		{93F669EE-FC06-4240-A82C-E5F672857787}.Debug|x86.Build.0 = Debug|Any CPU
		{93F669EE-FC06-4240-A82C-E5F672857787}.Release|Any CPU.ActiveCfg = Release|Any CPU
		{93F669EE-FC06-4240-A82C-E5F672857787}.Release|Any CPU.Build.0 = Release|Any CPU
		{93F669EE-FC06-4240-A82C-E5F672857787}.Release|x64.ActiveCfg = Release|Any CPU
		{93F669EE-FC06-4240-A82C-E5F672857787}.Release|x64.Build.0 = Release|Any CPU
		{93F669EE-FC06-4240-A82C-E5F672857787}.Release|x86.ActiveCfg = Release|Any CPU
		{93F669EE-FC06-4240-A82C-E5F672857787}.Release|x86.Build.0 = Release|Any CPU
		{520DA927-0083-4474-B34D-CBDCB7C780C2}.Debug|Any CPU.ActiveCfg = Debug|Any CPU
		{520DA927-0083-4474-B34D-CBDCB7C780C2}.Debug|Any CPU.Build.0 = Debug|Any CPU
		{520DA927-0083-4474-B34D-CBDCB7C780C2}.Debug|x64.ActiveCfg = Debug|Any CPU
		{520DA927-0083-4474-B34D-CBDCB7C780C2}.Debug|x64.Build.0 = Debug|Any CPU
		{520DA927-0083-4474-B34D-CBDCB7C780C2}.Debug|x86.ActiveCfg = Debug|Any CPU
		{520DA927-0083-4474-B34D-CBDCB7C780C2}.Debug|x86.Build.0 = Debug|Any CPU
		{520DA927-0083-4474-B34D-CBDCB7C780C2}.Release|Any CPU.ActiveCfg = Release|Any CPU
		{520DA927-0083-4474-B34D-CBDCB7C780C2}.Release|Any CPU.Build.0 = Release|Any CPU
		{520DA927-0083-4474-B34D-CBDCB7C780C2}.Release|x64.ActiveCfg = Release|Any CPU
		{520DA927-0083-4474-B34D-CBDCB7C780C2}.Release|x64.Build.0 = Release|Any CPU
		{520DA927-0083-4474-B34D-CBDCB7C780C2}.Release|x86.ActiveCfg = Release|Any CPU
		{520DA927-0083-4474-B34D-CBDCB7C780C2}.Release|x86.Build.0 = Release|Any CPU
		{670362C6-513F-4C54-ADB0-589E607D1F57}.Debug|Any CPU.ActiveCfg = Debug|Any CPU
		{670362C6-513F-4C54-ADB0-589E607D1F57}.Debug|Any CPU.Build.0 = Debug|Any CPU
		{670362C6-513F-4C54-ADB0-589E607D1F57}.Debug|x64.ActiveCfg = Debug|Any CPU
		{670362C6-513F-4C54-ADB0-589E607D1F57}.Debug|x64.Build.0 = Debug|Any CPU
		{670362C6-513F-4C54-ADB0-589E607D1F57}.Debug|x86.ActiveCfg = Debug|Any CPU
		{670362C6-513F-4C54-ADB0-589E607D1F57}.Debug|x86.Build.0 = Debug|Any CPU
		{670362C6-513F-4C54-ADB0-589E607D1F57}.Release|Any CPU.ActiveCfg = Release|Any CPU
		{670362C6-513F-4C54-ADB0-589E607D1F57}.Release|Any CPU.Build.0 = Release|Any CPU
		{670362C6-513F-4C54-ADB0-589E607D1F57}.Release|x64.ActiveCfg = Release|Any CPU
		{670362C6-513F-4C54-ADB0-589E607D1F57}.Release|x64.Build.0 = Release|Any CPU
		{670362C6-513F-4C54-ADB0-589E607D1F57}.Release|x86.ActiveCfg = Release|Any CPU
		{670362C6-513F-4C54-ADB0-589E607D1F57}.Release|x86.Build.0 = Release|Any CPU
		{50FB3ADE-3746-413A-9804-42E835258B5E}.Debug|Any CPU.ActiveCfg = Debug|Any CPU
		{50FB3ADE-3746-413A-9804-42E835258B5E}.Debug|Any CPU.Build.0 = Debug|Any CPU
		{50FB3ADE-3746-413A-9804-42E835258B5E}.Debug|x64.ActiveCfg = Debug|Any CPU
		{50FB3ADE-3746-413A-9804-42E835258B5E}.Debug|x64.Build.0 = Debug|Any CPU
		{50FB3ADE-3746-413A-9804-42E835258B5E}.Debug|x86.ActiveCfg = Debug|Any CPU
		{50FB3ADE-3746-413A-9804-42E835258B5E}.Debug|x86.Build.0 = Debug|Any CPU
		{50FB3ADE-3746-413A-9804-42E835258B5E}.Release|Any CPU.ActiveCfg = Release|Any CPU
		{50FB3ADE-3746-413A-9804-42E835258B5E}.Release|Any CPU.Build.0 = Release|Any CPU
		{50FB3ADE-3746-413A-9804-42E835258B5E}.Release|x64.ActiveCfg = Release|Any CPU
		{50FB3ADE-3746-413A-9804-42E835258B5E}.Release|x64.Build.0 = Release|Any CPU
		{50FB3ADE-3746-413A-9804-42E835258B5E}.Release|x86.ActiveCfg = Release|Any CPU
		{50FB3ADE-3746-413A-9804-42E835258B5E}.Release|x86.Build.0 = Release|Any CPU
		{F081A7A9-D77F-4F66-955E-E85FB97AD70A}.Debug|Any CPU.ActiveCfg = Debug|Any CPU
		{F081A7A9-D77F-4F66-955E-E85FB97AD70A}.Debug|Any CPU.Build.0 = Debug|Any CPU
		{F081A7A9-D77F-4F66-955E-E85FB97AD70A}.Debug|x64.ActiveCfg = Debug|Any CPU
		{F081A7A9-D77F-4F66-955E-E85FB97AD70A}.Debug|x64.Build.0 = Debug|Any CPU
		{F081A7A9-D77F-4F66-955E-E85FB97AD70A}.Debug|x86.ActiveCfg = Debug|Any CPU
		{F081A7A9-D77F-4F66-955E-E85FB97AD70A}.Debug|x86.Build.0 = Debug|Any CPU
		{F081A7A9-D77F-4F66-955E-E85FB97AD70A}.Release|Any CPU.ActiveCfg = Release|Any CPU
		{F081A7A9-D77F-4F66-955E-E85FB97AD70A}.Release|Any CPU.Build.0 = Release|Any CPU
		{F081A7A9-D77F-4F66-955E-E85FB97AD70A}.Release|x64.ActiveCfg = Release|Any CPU
		{F081A7A9-D77F-4F66-955E-E85FB97AD70A}.Release|x64.Build.0 = Release|Any CPU
		{F081A7A9-D77F-4F66-955E-E85FB97AD70A}.Release|x86.ActiveCfg = Release|Any CPU
		{F081A7A9-D77F-4F66-955E-E85FB97AD70A}.Release|x86.Build.0 = Release|Any CPU
		{3091D250-F7F2-47F6-BF07-F22E55385CA1}.Debug|Any CPU.ActiveCfg = Debug|Any CPU
		{3091D250-F7F2-47F6-BF07-F22E55385CA1}.Debug|Any CPU.Build.0 = Debug|Any CPU
		{3091D250-F7F2-47F6-BF07-F22E55385CA1}.Debug|x64.ActiveCfg = Debug|Any CPU
		{3091D250-F7F2-47F6-BF07-F22E55385CA1}.Debug|x64.Build.0 = Debug|Any CPU
		{3091D250-F7F2-47F6-BF07-F22E55385CA1}.Debug|x86.ActiveCfg = Debug|Any CPU
		{3091D250-F7F2-47F6-BF07-F22E55385CA1}.Debug|x86.Build.0 = Debug|Any CPU
		{3091D250-F7F2-47F6-BF07-F22E55385CA1}.Release|Any CPU.ActiveCfg = Release|Any CPU
		{3091D250-F7F2-47F6-BF07-F22E55385CA1}.Release|Any CPU.Build.0 = Release|Any CPU
		{3091D250-F7F2-47F6-BF07-F22E55385CA1}.Release|x64.ActiveCfg = Release|Any CPU
		{3091D250-F7F2-47F6-BF07-F22E55385CA1}.Release|x64.Build.0 = Release|Any CPU
		{3091D250-F7F2-47F6-BF07-F22E55385CA1}.Release|x86.ActiveCfg = Release|Any CPU
		{3091D250-F7F2-47F6-BF07-F22E55385CA1}.Release|x86.Build.0 = Release|Any CPU
		{07FEB658-AF24-4A31-8B42-763E6DEFC146}.Debug|Any CPU.ActiveCfg = Debug|Any CPU
		{07FEB658-AF24-4A31-8B42-763E6DEFC146}.Debug|Any CPU.Build.0 = Debug|Any CPU
		{07FEB658-AF24-4A31-8B42-763E6DEFC146}.Debug|x64.ActiveCfg = Debug|Any CPU
		{07FEB658-AF24-4A31-8B42-763E6DEFC146}.Debug|x64.Build.0 = Debug|Any CPU
		{07FEB658-AF24-4A31-8B42-763E6DEFC146}.Debug|x86.ActiveCfg = Debug|Any CPU
		{07FEB658-AF24-4A31-8B42-763E6DEFC146}.Debug|x86.Build.0 = Debug|Any CPU
		{07FEB658-AF24-4A31-8B42-763E6DEFC146}.Release|Any CPU.ActiveCfg = Release|Any CPU
		{07FEB658-AF24-4A31-8B42-763E6DEFC146}.Release|Any CPU.Build.0 = Release|Any CPU
		{07FEB658-AF24-4A31-8B42-763E6DEFC146}.Release|x64.ActiveCfg = Release|Any CPU
		{07FEB658-AF24-4A31-8B42-763E6DEFC146}.Release|x64.Build.0 = Release|Any CPU
		{07FEB658-AF24-4A31-8B42-763E6DEFC146}.Release|x86.ActiveCfg = Release|Any CPU
		{07FEB658-AF24-4A31-8B42-763E6DEFC146}.Release|x86.Build.0 = Release|Any CPU
		{E5A69FDF-4126-49CC-BD46-6FEE075EE5F2}.Debug|Any CPU.ActiveCfg = Debug|Any CPU
		{E5A69FDF-4126-49CC-BD46-6FEE075EE5F2}.Debug|Any CPU.Build.0 = Debug|Any CPU
		{E5A69FDF-4126-49CC-BD46-6FEE075EE5F2}.Debug|x64.ActiveCfg = Debug|Any CPU
		{E5A69FDF-4126-49CC-BD46-6FEE075EE5F2}.Debug|x64.Build.0 = Debug|Any CPU
		{E5A69FDF-4126-49CC-BD46-6FEE075EE5F2}.Debug|x86.ActiveCfg = Debug|Any CPU
		{E5A69FDF-4126-49CC-BD46-6FEE075EE5F2}.Debug|x86.Build.0 = Debug|Any CPU
		{E5A69FDF-4126-49CC-BD46-6FEE075EE5F2}.Release|Any CPU.ActiveCfg = Release|Any CPU
		{E5A69FDF-4126-49CC-BD46-6FEE075EE5F2}.Release|Any CPU.Build.0 = Release|Any CPU
		{E5A69FDF-4126-49CC-BD46-6FEE075EE5F2}.Release|x64.ActiveCfg = Release|Any CPU
		{E5A69FDF-4126-49CC-BD46-6FEE075EE5F2}.Release|x64.Build.0 = Release|Any CPU
		{E5A69FDF-4126-49CC-BD46-6FEE075EE5F2}.Release|x86.ActiveCfg = Release|Any CPU
		{E5A69FDF-4126-49CC-BD46-6FEE075EE5F2}.Release|x86.Build.0 = Release|Any CPU
		{1BFACBFD-7873-4EE1-B8DE-CA5010E1DD72}.Debug|Any CPU.ActiveCfg = Debug|Any CPU
		{1BFACBFD-7873-4EE1-B8DE-CA5010E1DD72}.Debug|Any CPU.Build.0 = Debug|Any CPU
		{1BFACBFD-7873-4EE1-B8DE-CA5010E1DD72}.Debug|x64.ActiveCfg = Debug|Any CPU
		{1BFACBFD-7873-4EE1-B8DE-CA5010E1DD72}.Debug|x64.Build.0 = Debug|Any CPU
		{1BFACBFD-7873-4EE1-B8DE-CA5010E1DD72}.Debug|x86.ActiveCfg = Debug|Any CPU
		{1BFACBFD-7873-4EE1-B8DE-CA5010E1DD72}.Debug|x86.Build.0 = Debug|Any CPU
		{1BFACBFD-7873-4EE1-B8DE-CA5010E1DD72}.Release|Any CPU.ActiveCfg = Release|Any CPU
		{1BFACBFD-7873-4EE1-B8DE-CA5010E1DD72}.Release|Any CPU.Build.0 = Release|Any CPU
		{1BFACBFD-7873-4EE1-B8DE-CA5010E1DD72}.Release|x64.ActiveCfg = Release|Any CPU
		{1BFACBFD-7873-4EE1-B8DE-CA5010E1DD72}.Release|x64.Build.0 = Release|Any CPU
		{1BFACBFD-7873-4EE1-B8DE-CA5010E1DD72}.Release|x86.ActiveCfg = Release|Any CPU
		{1BFACBFD-7873-4EE1-B8DE-CA5010E1DD72}.Release|x86.Build.0 = Release|Any CPU
		{ECA12006-EDB2-94B7-3363-C474924A8B42}.Debug|Any CPU.ActiveCfg = Debug|Any CPU
		{ECA12006-EDB2-94B7-3363-C474924A8B42}.Debug|Any CPU.Build.0 = Debug|Any CPU
		{ECA12006-EDB2-94B7-3363-C474924A8B42}.Debug|x64.ActiveCfg = Debug|Any CPU
		{ECA12006-EDB2-94B7-3363-C474924A8B42}.Debug|x64.Build.0 = Debug|Any CPU
		{ECA12006-EDB2-94B7-3363-C474924A8B42}.Debug|x86.ActiveCfg = Debug|Any CPU
		{ECA12006-EDB2-94B7-3363-C474924A8B42}.Debug|x86.Build.0 = Debug|Any CPU
		{ECA12006-EDB2-94B7-3363-C474924A8B42}.Release|Any CPU.ActiveCfg = Release|Any CPU
		{ECA12006-EDB2-94B7-3363-C474924A8B42}.Release|Any CPU.Build.0 = Release|Any CPU
		{ECA12006-EDB2-94B7-3363-C474924A8B42}.Release|x64.ActiveCfg = Release|Any CPU
		{ECA12006-EDB2-94B7-3363-C474924A8B42}.Release|x64.Build.0 = Release|Any CPU
		{ECA12006-EDB2-94B7-3363-C474924A8B42}.Release|x86.ActiveCfg = Release|Any CPU
		{ECA12006-EDB2-94B7-3363-C474924A8B42}.Release|x86.Build.0 = Release|Any CPU
		{51ABEC2B-98E3-4845-830E-BE6F7728008A}.Debug|Any CPU.ActiveCfg = Debug|Any CPU
		{51ABEC2B-98E3-4845-830E-BE6F7728008A}.Debug|Any CPU.Build.0 = Debug|Any CPU
		{51ABEC2B-98E3-4845-830E-BE6F7728008A}.Debug|x64.ActiveCfg = Debug|Any CPU
		{51ABEC2B-98E3-4845-830E-BE6F7728008A}.Debug|x64.Build.0 = Debug|Any CPU
		{51ABEC2B-98E3-4845-830E-BE6F7728008A}.Debug|x86.ActiveCfg = Debug|Any CPU
		{51ABEC2B-98E3-4845-830E-BE6F7728008A}.Debug|x86.Build.0 = Debug|Any CPU
		{51ABEC2B-98E3-4845-830E-BE6F7728008A}.Release|Any CPU.ActiveCfg = Release|Any CPU
		{51ABEC2B-98E3-4845-830E-BE6F7728008A}.Release|Any CPU.Build.0 = Release|Any CPU
		{51ABEC2B-98E3-4845-830E-BE6F7728008A}.Release|x64.ActiveCfg = Release|Any CPU
		{51ABEC2B-98E3-4845-830E-BE6F7728008A}.Release|x64.Build.0 = Release|Any CPU
		{51ABEC2B-98E3-4845-830E-BE6F7728008A}.Release|x86.ActiveCfg = Release|Any CPU
		{51ABEC2B-98E3-4845-830E-BE6F7728008A}.Release|x86.Build.0 = Release|Any CPU
		{22973F7A-5850-44F7-9C95-9F8AD504AF82}.Debug|Any CPU.ActiveCfg = Debug|Any CPU
		{22973F7A-5850-44F7-9C95-9F8AD504AF82}.Debug|Any CPU.Build.0 = Debug|Any CPU
		{22973F7A-5850-44F7-9C95-9F8AD504AF82}.Debug|x64.ActiveCfg = Debug|Any CPU
		{22973F7A-5850-44F7-9C95-9F8AD504AF82}.Debug|x64.Build.0 = Debug|Any CPU
		{22973F7A-5850-44F7-9C95-9F8AD504AF82}.Debug|x86.ActiveCfg = Debug|Any CPU
		{22973F7A-5850-44F7-9C95-9F8AD504AF82}.Debug|x86.Build.0 = Debug|Any CPU
		{22973F7A-5850-44F7-9C95-9F8AD504AF82}.Release|Any CPU.ActiveCfg = Release|Any CPU
		{22973F7A-5850-44F7-9C95-9F8AD504AF82}.Release|Any CPU.Build.0 = Release|Any CPU
		{22973F7A-5850-44F7-9C95-9F8AD504AF82}.Release|x64.ActiveCfg = Release|Any CPU
		{22973F7A-5850-44F7-9C95-9F8AD504AF82}.Release|x64.Build.0 = Release|Any CPU
		{22973F7A-5850-44F7-9C95-9F8AD504AF82}.Release|x86.ActiveCfg = Release|Any CPU
		{22973F7A-5850-44F7-9C95-9F8AD504AF82}.Release|x86.Build.0 = Release|Any CPU
		{D3198D61-4070-428D-A2D0-1F95BDDECE5A}.Debug|Any CPU.ActiveCfg = Debug|Any CPU
		{D3198D61-4070-428D-A2D0-1F95BDDECE5A}.Debug|Any CPU.Build.0 = Debug|Any CPU
		{D3198D61-4070-428D-A2D0-1F95BDDECE5A}.Debug|x64.ActiveCfg = Debug|Any CPU
		{D3198D61-4070-428D-A2D0-1F95BDDECE5A}.Debug|x64.Build.0 = Debug|Any CPU
		{D3198D61-4070-428D-A2D0-1F95BDDECE5A}.Debug|x86.ActiveCfg = Debug|Any CPU
		{D3198D61-4070-428D-A2D0-1F95BDDECE5A}.Debug|x86.Build.0 = Debug|Any CPU
		{D3198D61-4070-428D-A2D0-1F95BDDECE5A}.Release|Any CPU.ActiveCfg = Release|Any CPU
		{D3198D61-4070-428D-A2D0-1F95BDDECE5A}.Release|Any CPU.Build.0 = Release|Any CPU
		{D3198D61-4070-428D-A2D0-1F95BDDECE5A}.Release|x64.ActiveCfg = Release|Any CPU
		{D3198D61-4070-428D-A2D0-1F95BDDECE5A}.Release|x64.Build.0 = Release|Any CPU
		{D3198D61-4070-428D-A2D0-1F95BDDECE5A}.Release|x86.ActiveCfg = Release|Any CPU
		{D3198D61-4070-428D-A2D0-1F95BDDECE5A}.Release|x86.Build.0 = Release|Any CPU
		{068BD008-3322-4F7D-BCFC-7146D9D6AC4D}.Debug|Any CPU.ActiveCfg = Debug|Any CPU
		{068BD008-3322-4F7D-BCFC-7146D9D6AC4D}.Debug|Any CPU.Build.0 = Debug|Any CPU
		{068BD008-3322-4F7D-BCFC-7146D9D6AC4D}.Debug|x64.ActiveCfg = Debug|Any CPU
		{068BD008-3322-4F7D-BCFC-7146D9D6AC4D}.Debug|x64.Build.0 = Debug|Any CPU
		{068BD008-3322-4F7D-BCFC-7146D9D6AC4D}.Debug|x86.ActiveCfg = Debug|Any CPU
		{068BD008-3322-4F7D-BCFC-7146D9D6AC4D}.Debug|x86.Build.0 = Debug|Any CPU
		{068BD008-3322-4F7D-BCFC-7146D9D6AC4D}.Release|Any CPU.ActiveCfg = Release|Any CPU
		{068BD008-3322-4F7D-BCFC-7146D9D6AC4D}.Release|Any CPU.Build.0 = Release|Any CPU
		{068BD008-3322-4F7D-BCFC-7146D9D6AC4D}.Release|x64.ActiveCfg = Release|Any CPU
		{068BD008-3322-4F7D-BCFC-7146D9D6AC4D}.Release|x64.Build.0 = Release|Any CPU
		{068BD008-3322-4F7D-BCFC-7146D9D6AC4D}.Release|x86.ActiveCfg = Release|Any CPU
		{068BD008-3322-4F7D-BCFC-7146D9D6AC4D}.Release|x86.Build.0 = Release|Any CPU
		{271B8C8D-07C7-4501-AAB2-B9CF96F1ACFF}.Debug|Any CPU.ActiveCfg = Debug|Any CPU
		{271B8C8D-07C7-4501-AAB2-B9CF96F1ACFF}.Debug|Any CPU.Build.0 = Debug|Any CPU
		{271B8C8D-07C7-4501-AAB2-B9CF96F1ACFF}.Debug|x64.ActiveCfg = Debug|Any CPU
		{271B8C8D-07C7-4501-AAB2-B9CF96F1ACFF}.Debug|x64.Build.0 = Debug|Any CPU
		{271B8C8D-07C7-4501-AAB2-B9CF96F1ACFF}.Debug|x86.ActiveCfg = Debug|Any CPU
		{271B8C8D-07C7-4501-AAB2-B9CF96F1ACFF}.Debug|x86.Build.0 = Debug|Any CPU
		{271B8C8D-07C7-4501-AAB2-B9CF96F1ACFF}.Release|Any CPU.ActiveCfg = Release|Any CPU
		{271B8C8D-07C7-4501-AAB2-B9CF96F1ACFF}.Release|Any CPU.Build.0 = Release|Any CPU
		{271B8C8D-07C7-4501-AAB2-B9CF96F1ACFF}.Release|x64.ActiveCfg = Release|Any CPU
		{271B8C8D-07C7-4501-AAB2-B9CF96F1ACFF}.Release|x64.Build.0 = Release|Any CPU
		{271B8C8D-07C7-4501-AAB2-B9CF96F1ACFF}.Release|x86.ActiveCfg = Release|Any CPU
		{271B8C8D-07C7-4501-AAB2-B9CF96F1ACFF}.Release|x86.Build.0 = Release|Any CPU
		{BEE9DD97-9E31-4278-BC82-75FAE26A11CD}.Debug|Any CPU.ActiveCfg = Debug|Any CPU
		{BEE9DD97-9E31-4278-BC82-75FAE26A11CD}.Debug|Any CPU.Build.0 = Debug|Any CPU
		{BEE9DD97-9E31-4278-BC82-75FAE26A11CD}.Debug|x64.ActiveCfg = Debug|Any CPU
		{BEE9DD97-9E31-4278-BC82-75FAE26A11CD}.Debug|x64.Build.0 = Debug|Any CPU
		{BEE9DD97-9E31-4278-BC82-75FAE26A11CD}.Debug|x86.ActiveCfg = Debug|Any CPU
		{BEE9DD97-9E31-4278-BC82-75FAE26A11CD}.Debug|x86.Build.0 = Debug|Any CPU
		{BEE9DD97-9E31-4278-BC82-75FAE26A11CD}.Release|Any CPU.ActiveCfg = Release|Any CPU
		{BEE9DD97-9E31-4278-BC82-75FAE26A11CD}.Release|Any CPU.Build.0 = Release|Any CPU
		{BEE9DD97-9E31-4278-BC82-75FAE26A11CD}.Release|x64.ActiveCfg = Release|Any CPU
		{BEE9DD97-9E31-4278-BC82-75FAE26A11CD}.Release|x64.Build.0 = Release|Any CPU
		{BEE9DD97-9E31-4278-BC82-75FAE26A11CD}.Release|x86.ActiveCfg = Release|Any CPU
		{BEE9DD97-9E31-4278-BC82-75FAE26A11CD}.Release|x86.Build.0 = Release|Any CPU
		{31597A50-F3C4-4ECC-A59B-03D4E19971C2}.Debug|Any CPU.ActiveCfg = Debug|Any CPU
		{31597A50-F3C4-4ECC-A59B-03D4E19971C2}.Debug|Any CPU.Build.0 = Debug|Any CPU
		{31597A50-F3C4-4ECC-A59B-03D4E19971C2}.Debug|x64.ActiveCfg = Debug|Any CPU
		{31597A50-F3C4-4ECC-A59B-03D4E19971C2}.Debug|x64.Build.0 = Debug|Any CPU
		{31597A50-F3C4-4ECC-A59B-03D4E19971C2}.Debug|x86.ActiveCfg = Debug|Any CPU
		{31597A50-F3C4-4ECC-A59B-03D4E19971C2}.Debug|x86.Build.0 = Debug|Any CPU
		{31597A50-F3C4-4ECC-A59B-03D4E19971C2}.Release|Any CPU.ActiveCfg = Release|Any CPU
		{31597A50-F3C4-4ECC-A59B-03D4E19971C2}.Release|Any CPU.Build.0 = Release|Any CPU
		{31597A50-F3C4-4ECC-A59B-03D4E19971C2}.Release|x64.ActiveCfg = Release|Any CPU
		{31597A50-F3C4-4ECC-A59B-03D4E19971C2}.Release|x64.Build.0 = Release|Any CPU
		{31597A50-F3C4-4ECC-A59B-03D4E19971C2}.Release|x86.ActiveCfg = Release|Any CPU
		{31597A50-F3C4-4ECC-A59B-03D4E19971C2}.Release|x86.Build.0 = Release|Any CPU
		{B6612A8E-805A-4D5F-8652-E42CE12015F7}.Debug|Any CPU.ActiveCfg = Debug|Any CPU
		{B6612A8E-805A-4D5F-8652-E42CE12015F7}.Debug|Any CPU.Build.0 = Debug|Any CPU
		{B6612A8E-805A-4D5F-8652-E42CE12015F7}.Debug|x64.ActiveCfg = Debug|Any CPU
		{B6612A8E-805A-4D5F-8652-E42CE12015F7}.Debug|x64.Build.0 = Debug|Any CPU
		{B6612A8E-805A-4D5F-8652-E42CE12015F7}.Debug|x86.ActiveCfg = Debug|Any CPU
		{B6612A8E-805A-4D5F-8652-E42CE12015F7}.Debug|x86.Build.0 = Debug|Any CPU
		{B6612A8E-805A-4D5F-8652-E42CE12015F7}.Release|Any CPU.ActiveCfg = Release|Any CPU
		{B6612A8E-805A-4D5F-8652-E42CE12015F7}.Release|Any CPU.Build.0 = Release|Any CPU
		{B6612A8E-805A-4D5F-8652-E42CE12015F7}.Release|x64.ActiveCfg = Release|Any CPU
		{B6612A8E-805A-4D5F-8652-E42CE12015F7}.Release|x64.Build.0 = Release|Any CPU
		{B6612A8E-805A-4D5F-8652-E42CE12015F7}.Release|x86.ActiveCfg = Release|Any CPU
		{B6612A8E-805A-4D5F-8652-E42CE12015F7}.Release|x86.Build.0 = Release|Any CPU
		{29358FC8-3AF5-4D02-8A7A-B1A2F3C6B607}.Debug|Any CPU.ActiveCfg = Debug|Any CPU
		{29358FC8-3AF5-4D02-8A7A-B1A2F3C6B607}.Debug|Any CPU.Build.0 = Debug|Any CPU
		{29358FC8-3AF5-4D02-8A7A-B1A2F3C6B607}.Debug|x64.ActiveCfg = Debug|Any CPU
		{29358FC8-3AF5-4D02-8A7A-B1A2F3C6B607}.Debug|x64.Build.0 = Debug|Any CPU
		{29358FC8-3AF5-4D02-8A7A-B1A2F3C6B607}.Debug|x86.ActiveCfg = Debug|Any CPU
		{29358FC8-3AF5-4D02-8A7A-B1A2F3C6B607}.Debug|x86.Build.0 = Debug|Any CPU
		{29358FC8-3AF5-4D02-8A7A-B1A2F3C6B607}.Release|Any CPU.ActiveCfg = Release|Any CPU
		{29358FC8-3AF5-4D02-8A7A-B1A2F3C6B607}.Release|Any CPU.Build.0 = Release|Any CPU
		{29358FC8-3AF5-4D02-8A7A-B1A2F3C6B607}.Release|x64.ActiveCfg = Release|Any CPU
		{29358FC8-3AF5-4D02-8A7A-B1A2F3C6B607}.Release|x64.Build.0 = Release|Any CPU
		{29358FC8-3AF5-4D02-8A7A-B1A2F3C6B607}.Release|x86.ActiveCfg = Release|Any CPU
		{29358FC8-3AF5-4D02-8A7A-B1A2F3C6B607}.Release|x86.Build.0 = Release|Any CPU
		{E14EB119-6104-47D9-9AE9-709F6B3177CA}.Debug|Any CPU.ActiveCfg = Debug|Any CPU
		{E14EB119-6104-47D9-9AE9-709F6B3177CA}.Debug|Any CPU.Build.0 = Debug|Any CPU
		{E14EB119-6104-47D9-9AE9-709F6B3177CA}.Debug|x64.ActiveCfg = Debug|Any CPU
		{E14EB119-6104-47D9-9AE9-709F6B3177CA}.Debug|x64.Build.0 = Debug|Any CPU
		{E14EB119-6104-47D9-9AE9-709F6B3177CA}.Debug|x86.ActiveCfg = Debug|Any CPU
		{E14EB119-6104-47D9-9AE9-709F6B3177CA}.Debug|x86.Build.0 = Debug|Any CPU
		{E14EB119-6104-47D9-9AE9-709F6B3177CA}.Release|Any CPU.ActiveCfg = Release|Any CPU
		{E14EB119-6104-47D9-9AE9-709F6B3177CA}.Release|Any CPU.Build.0 = Release|Any CPU
		{E14EB119-6104-47D9-9AE9-709F6B3177CA}.Release|x64.ActiveCfg = Release|Any CPU
		{E14EB119-6104-47D9-9AE9-709F6B3177CA}.Release|x64.Build.0 = Release|Any CPU
		{E14EB119-6104-47D9-9AE9-709F6B3177CA}.Release|x86.ActiveCfg = Release|Any CPU
		{E14EB119-6104-47D9-9AE9-709F6B3177CA}.Release|x86.Build.0 = Release|Any CPU
		{341E9463-A389-4E73-BA9B-885A49A4C8AF}.Debug|Any CPU.ActiveCfg = Debug|Any CPU
		{341E9463-A389-4E73-BA9B-885A49A4C8AF}.Debug|Any CPU.Build.0 = Debug|Any CPU
		{341E9463-A389-4E73-BA9B-885A49A4C8AF}.Debug|x64.ActiveCfg = Debug|Any CPU
		{341E9463-A389-4E73-BA9B-885A49A4C8AF}.Debug|x64.Build.0 = Debug|Any CPU
		{341E9463-A389-4E73-BA9B-885A49A4C8AF}.Debug|x86.ActiveCfg = Debug|Any CPU
		{341E9463-A389-4E73-BA9B-885A49A4C8AF}.Debug|x86.Build.0 = Debug|Any CPU
		{341E9463-A389-4E73-BA9B-885A49A4C8AF}.Release|Any CPU.ActiveCfg = Release|Any CPU
		{341E9463-A389-4E73-BA9B-885A49A4C8AF}.Release|Any CPU.Build.0 = Release|Any CPU
		{341E9463-A389-4E73-BA9B-885A49A4C8AF}.Release|x64.ActiveCfg = Release|Any CPU
		{341E9463-A389-4E73-BA9B-885A49A4C8AF}.Release|x64.Build.0 = Release|Any CPU
		{341E9463-A389-4E73-BA9B-885A49A4C8AF}.Release|x86.ActiveCfg = Release|Any CPU
		{341E9463-A389-4E73-BA9B-885A49A4C8AF}.Release|x86.Build.0 = Release|Any CPU
		{A67DE961-A346-4031-86DC-4B65175B37EE}.Debug|Any CPU.ActiveCfg = Debug|Any CPU
		{A67DE961-A346-4031-86DC-4B65175B37EE}.Debug|Any CPU.Build.0 = Debug|Any CPU
		{A67DE961-A346-4031-86DC-4B65175B37EE}.Debug|x64.ActiveCfg = Debug|Any CPU
		{A67DE961-A346-4031-86DC-4B65175B37EE}.Debug|x64.Build.0 = Debug|Any CPU
		{A67DE961-A346-4031-86DC-4B65175B37EE}.Debug|x86.ActiveCfg = Debug|Any CPU
		{A67DE961-A346-4031-86DC-4B65175B37EE}.Debug|x86.Build.0 = Debug|Any CPU
		{A67DE961-A346-4031-86DC-4B65175B37EE}.Release|Any CPU.ActiveCfg = Release|Any CPU
		{A67DE961-A346-4031-86DC-4B65175B37EE}.Release|Any CPU.Build.0 = Release|Any CPU
		{A67DE961-A346-4031-86DC-4B65175B37EE}.Release|x64.ActiveCfg = Release|Any CPU
		{A67DE961-A346-4031-86DC-4B65175B37EE}.Release|x64.Build.0 = Release|Any CPU
		{A67DE961-A346-4031-86DC-4B65175B37EE}.Release|x86.ActiveCfg = Release|Any CPU
		{A67DE961-A346-4031-86DC-4B65175B37EE}.Release|x86.Build.0 = Release|Any CPU
		{E8768010-9E01-4E7A-8B5C-31008079758B}.Debug|Any CPU.ActiveCfg = Debug|Any CPU
		{E8768010-9E01-4E7A-8B5C-31008079758B}.Debug|Any CPU.Build.0 = Debug|Any CPU
		{E8768010-9E01-4E7A-8B5C-31008079758B}.Debug|x64.ActiveCfg = Debug|Any CPU
		{E8768010-9E01-4E7A-8B5C-31008079758B}.Debug|x64.Build.0 = Debug|Any CPU
		{E8768010-9E01-4E7A-8B5C-31008079758B}.Debug|x86.ActiveCfg = Debug|Any CPU
		{E8768010-9E01-4E7A-8B5C-31008079758B}.Debug|x86.Build.0 = Debug|Any CPU
		{E8768010-9E01-4E7A-8B5C-31008079758B}.Release|Any CPU.ActiveCfg = Release|Any CPU
		{E8768010-9E01-4E7A-8B5C-31008079758B}.Release|Any CPU.Build.0 = Release|Any CPU
		{E8768010-9E01-4E7A-8B5C-31008079758B}.Release|x64.ActiveCfg = Release|Any CPU
		{E8768010-9E01-4E7A-8B5C-31008079758B}.Release|x64.Build.0 = Release|Any CPU
		{E8768010-9E01-4E7A-8B5C-31008079758B}.Release|x86.ActiveCfg = Release|Any CPU
		{E8768010-9E01-4E7A-8B5C-31008079758B}.Release|x86.Build.0 = Release|Any CPU
		{4CA0EE71-2CC3-428A-A45F-A93D608D4041}.Debug|Any CPU.ActiveCfg = Debug|Any CPU
		{4CA0EE71-2CC3-428A-A45F-A93D608D4041}.Debug|Any CPU.Build.0 = Debug|Any CPU
		{4CA0EE71-2CC3-428A-A45F-A93D608D4041}.Debug|x64.ActiveCfg = Debug|Any CPU
		{4CA0EE71-2CC3-428A-A45F-A93D608D4041}.Debug|x64.Build.0 = Debug|Any CPU
		{4CA0EE71-2CC3-428A-A45F-A93D608D4041}.Debug|x86.ActiveCfg = Debug|Any CPU
		{4CA0EE71-2CC3-428A-A45F-A93D608D4041}.Debug|x86.Build.0 = Debug|Any CPU
		{4CA0EE71-2CC3-428A-A45F-A93D608D4041}.Release|Any CPU.ActiveCfg = Release|Any CPU
		{4CA0EE71-2CC3-428A-A45F-A93D608D4041}.Release|Any CPU.Build.0 = Release|Any CPU
		{4CA0EE71-2CC3-428A-A45F-A93D608D4041}.Release|x64.ActiveCfg = Release|Any CPU
		{4CA0EE71-2CC3-428A-A45F-A93D608D4041}.Release|x64.Build.0 = Release|Any CPU
		{4CA0EE71-2CC3-428A-A45F-A93D608D4041}.Release|x86.ActiveCfg = Release|Any CPU
		{4CA0EE71-2CC3-428A-A45F-A93D608D4041}.Release|x86.Build.0 = Release|Any CPU
		{5FB610B1-9D81-42D6-A981-63BF167B2419}.Debug|Any CPU.ActiveCfg = Debug|Any CPU
		{5FB610B1-9D81-42D6-A981-63BF167B2419}.Debug|Any CPU.Build.0 = Debug|Any CPU
		{5FB610B1-9D81-42D6-A981-63BF167B2419}.Debug|x64.ActiveCfg = Debug|Any CPU
		{5FB610B1-9D81-42D6-A981-63BF167B2419}.Debug|x64.Build.0 = Debug|Any CPU
		{5FB610B1-9D81-42D6-A981-63BF167B2419}.Debug|x86.ActiveCfg = Debug|Any CPU
		{5FB610B1-9D81-42D6-A981-63BF167B2419}.Debug|x86.Build.0 = Debug|Any CPU
		{5FB610B1-9D81-42D6-A981-63BF167B2419}.Release|Any CPU.ActiveCfg = Release|Any CPU
		{5FB610B1-9D81-42D6-A981-63BF167B2419}.Release|Any CPU.Build.0 = Release|Any CPU
		{5FB610B1-9D81-42D6-A981-63BF167B2419}.Release|x64.ActiveCfg = Release|Any CPU
		{5FB610B1-9D81-42D6-A981-63BF167B2419}.Release|x64.Build.0 = Release|Any CPU
		{5FB610B1-9D81-42D6-A981-63BF167B2419}.Release|x86.ActiveCfg = Release|Any CPU
		{5FB610B1-9D81-42D6-A981-63BF167B2419}.Release|x86.Build.0 = Release|Any CPU
		{F0A8587A-B10C-4838-B582-50942621732C}.Debug|Any CPU.ActiveCfg = Debug|Any CPU
		{F0A8587A-B10C-4838-B582-50942621732C}.Debug|Any CPU.Build.0 = Debug|Any CPU
		{F0A8587A-B10C-4838-B582-50942621732C}.Debug|x64.ActiveCfg = Debug|Any CPU
		{F0A8587A-B10C-4838-B582-50942621732C}.Debug|x64.Build.0 = Debug|Any CPU
		{F0A8587A-B10C-4838-B582-50942621732C}.Debug|x86.ActiveCfg = Debug|Any CPU
		{F0A8587A-B10C-4838-B582-50942621732C}.Debug|x86.Build.0 = Debug|Any CPU
		{F0A8587A-B10C-4838-B582-50942621732C}.Release|Any CPU.ActiveCfg = Release|Any CPU
		{F0A8587A-B10C-4838-B582-50942621732C}.Release|Any CPU.Build.0 = Release|Any CPU
		{F0A8587A-B10C-4838-B582-50942621732C}.Release|x64.ActiveCfg = Release|Any CPU
		{F0A8587A-B10C-4838-B582-50942621732C}.Release|x64.Build.0 = Release|Any CPU
		{F0A8587A-B10C-4838-B582-50942621732C}.Release|x86.ActiveCfg = Release|Any CPU
		{F0A8587A-B10C-4838-B582-50942621732C}.Release|x86.Build.0 = Release|Any CPU
		{19B8A938-3301-49E5-9651-64F3215F3F97}.Debug|Any CPU.ActiveCfg = Debug|Any CPU
		{19B8A938-3301-49E5-9651-64F3215F3F97}.Debug|Any CPU.Build.0 = Debug|Any CPU
		{19B8A938-3301-49E5-9651-64F3215F3F97}.Debug|x64.ActiveCfg = Debug|Any CPU
		{19B8A938-3301-49E5-9651-64F3215F3F97}.Debug|x64.Build.0 = Debug|Any CPU
		{19B8A938-3301-49E5-9651-64F3215F3F97}.Debug|x86.ActiveCfg = Debug|Any CPU
		{19B8A938-3301-49E5-9651-64F3215F3F97}.Debug|x86.Build.0 = Debug|Any CPU
		{19B8A938-3301-49E5-9651-64F3215F3F97}.Release|Any CPU.ActiveCfg = Release|Any CPU
		{19B8A938-3301-49E5-9651-64F3215F3F97}.Release|Any CPU.Build.0 = Release|Any CPU
		{19B8A938-3301-49E5-9651-64F3215F3F97}.Release|x64.ActiveCfg = Release|Any CPU
		{19B8A938-3301-49E5-9651-64F3215F3F97}.Release|x64.Build.0 = Release|Any CPU
		{19B8A938-3301-49E5-9651-64F3215F3F97}.Release|x86.ActiveCfg = Release|Any CPU
		{19B8A938-3301-49E5-9651-64F3215F3F97}.Release|x86.Build.0 = Release|Any CPU
		{742FAFDE-D552-4593-897B-F3B99B73CAAB}.Debug|Any CPU.ActiveCfg = Debug|Any CPU
		{742FAFDE-D552-4593-897B-F3B99B73CAAB}.Debug|Any CPU.Build.0 = Debug|Any CPU
		{742FAFDE-D552-4593-897B-F3B99B73CAAB}.Debug|x64.ActiveCfg = Debug|Any CPU
		{742FAFDE-D552-4593-897B-F3B99B73CAAB}.Debug|x64.Build.0 = Debug|Any CPU
		{742FAFDE-D552-4593-897B-F3B99B73CAAB}.Debug|x86.ActiveCfg = Debug|Any CPU
		{742FAFDE-D552-4593-897B-F3B99B73CAAB}.Debug|x86.Build.0 = Debug|Any CPU
		{742FAFDE-D552-4593-897B-F3B99B73CAAB}.Release|Any CPU.ActiveCfg = Release|Any CPU
		{742FAFDE-D552-4593-897B-F3B99B73CAAB}.Release|Any CPU.Build.0 = Release|Any CPU
		{742FAFDE-D552-4593-897B-F3B99B73CAAB}.Release|x64.ActiveCfg = Release|Any CPU
		{742FAFDE-D552-4593-897B-F3B99B73CAAB}.Release|x64.Build.0 = Release|Any CPU
		{742FAFDE-D552-4593-897B-F3B99B73CAAB}.Release|x86.ActiveCfg = Release|Any CPU
		{742FAFDE-D552-4593-897B-F3B99B73CAAB}.Release|x86.Build.0 = Release|Any CPU
		{A2739BE0-93C2-474F-91FB-1446A431F4E6}.Debug|Any CPU.ActiveCfg = Debug|Any CPU
		{A2739BE0-93C2-474F-91FB-1446A431F4E6}.Debug|Any CPU.Build.0 = Debug|Any CPU
		{A2739BE0-93C2-474F-91FB-1446A431F4E6}.Debug|x64.ActiveCfg = Debug|Any CPU
		{A2739BE0-93C2-474F-91FB-1446A431F4E6}.Debug|x64.Build.0 = Debug|Any CPU
		{A2739BE0-93C2-474F-91FB-1446A431F4E6}.Debug|x86.ActiveCfg = Debug|Any CPU
		{A2739BE0-93C2-474F-91FB-1446A431F4E6}.Debug|x86.Build.0 = Debug|Any CPU
		{A2739BE0-93C2-474F-91FB-1446A431F4E6}.Release|Any CPU.ActiveCfg = Release|Any CPU
		{A2739BE0-93C2-474F-91FB-1446A431F4E6}.Release|Any CPU.Build.0 = Release|Any CPU
		{A2739BE0-93C2-474F-91FB-1446A431F4E6}.Release|x64.ActiveCfg = Release|Any CPU
		{A2739BE0-93C2-474F-91FB-1446A431F4E6}.Release|x64.Build.0 = Release|Any CPU
		{A2739BE0-93C2-474F-91FB-1446A431F4E6}.Release|x86.ActiveCfg = Release|Any CPU
		{A2739BE0-93C2-474F-91FB-1446A431F4E6}.Release|x86.Build.0 = Release|Any CPU
		{CC9C10BA-2A7E-4F67-9473-AA6BC712198C}.Debug|Any CPU.ActiveCfg = Debug|Any CPU
		{CC9C10BA-2A7E-4F67-9473-AA6BC712198C}.Debug|Any CPU.Build.0 = Debug|Any CPU
		{CC9C10BA-2A7E-4F67-9473-AA6BC712198C}.Debug|x64.ActiveCfg = Debug|Any CPU
		{CC9C10BA-2A7E-4F67-9473-AA6BC712198C}.Debug|x64.Build.0 = Debug|Any CPU
		{CC9C10BA-2A7E-4F67-9473-AA6BC712198C}.Debug|x86.ActiveCfg = Debug|Any CPU
		{CC9C10BA-2A7E-4F67-9473-AA6BC712198C}.Debug|x86.Build.0 = Debug|Any CPU
		{CC9C10BA-2A7E-4F67-9473-AA6BC712198C}.Release|Any CPU.ActiveCfg = Release|Any CPU
		{CC9C10BA-2A7E-4F67-9473-AA6BC712198C}.Release|Any CPU.Build.0 = Release|Any CPU
		{CC9C10BA-2A7E-4F67-9473-AA6BC712198C}.Release|x64.ActiveCfg = Release|Any CPU
		{CC9C10BA-2A7E-4F67-9473-AA6BC712198C}.Release|x64.Build.0 = Release|Any CPU
		{CC9C10BA-2A7E-4F67-9473-AA6BC712198C}.Release|x86.ActiveCfg = Release|Any CPU
		{CC9C10BA-2A7E-4F67-9473-AA6BC712198C}.Release|x86.Build.0 = Release|Any CPU
		{9DE61C59-7E78-4335-A093-1E832FB94AA6}.Debug|Any CPU.ActiveCfg = Debug|Any CPU
		{9DE61C59-7E78-4335-A093-1E832FB94AA6}.Debug|Any CPU.Build.0 = Debug|Any CPU
		{9DE61C59-7E78-4335-A093-1E832FB94AA6}.Debug|x64.ActiveCfg = Debug|Any CPU
		{9DE61C59-7E78-4335-A093-1E832FB94AA6}.Debug|x64.Build.0 = Debug|Any CPU
		{9DE61C59-7E78-4335-A093-1E832FB94AA6}.Debug|x86.ActiveCfg = Debug|Any CPU
		{9DE61C59-7E78-4335-A093-1E832FB94AA6}.Debug|x86.Build.0 = Debug|Any CPU
		{9DE61C59-7E78-4335-A093-1E832FB94AA6}.Release|Any CPU.ActiveCfg = Release|Any CPU
		{9DE61C59-7E78-4335-A093-1E832FB94AA6}.Release|Any CPU.Build.0 = Release|Any CPU
		{9DE61C59-7E78-4335-A093-1E832FB94AA6}.Release|x64.ActiveCfg = Release|Any CPU
		{9DE61C59-7E78-4335-A093-1E832FB94AA6}.Release|x64.Build.0 = Release|Any CPU
		{9DE61C59-7E78-4335-A093-1E832FB94AA6}.Release|x86.ActiveCfg = Release|Any CPU
		{9DE61C59-7E78-4335-A093-1E832FB94AA6}.Release|x86.Build.0 = Release|Any CPU
		{0177B85B-F297-4A57-A641-9E65D9F9B282}.Debug|Any CPU.ActiveCfg = Debug|Any CPU
		{0177B85B-F297-4A57-A641-9E65D9F9B282}.Debug|Any CPU.Build.0 = Debug|Any CPU
		{0177B85B-F297-4A57-A641-9E65D9F9B282}.Debug|x64.ActiveCfg = Debug|Any CPU
		{0177B85B-F297-4A57-A641-9E65D9F9B282}.Debug|x64.Build.0 = Debug|Any CPU
		{0177B85B-F297-4A57-A641-9E65D9F9B282}.Debug|x86.ActiveCfg = Debug|Any CPU
		{0177B85B-F297-4A57-A641-9E65D9F9B282}.Debug|x86.Build.0 = Debug|Any CPU
		{0177B85B-F297-4A57-A641-9E65D9F9B282}.Release|Any CPU.ActiveCfg = Release|Any CPU
		{0177B85B-F297-4A57-A641-9E65D9F9B282}.Release|Any CPU.Build.0 = Release|Any CPU
		{0177B85B-F297-4A57-A641-9E65D9F9B282}.Release|x64.ActiveCfg = Release|Any CPU
		{0177B85B-F297-4A57-A641-9E65D9F9B282}.Release|x64.Build.0 = Release|Any CPU
		{0177B85B-F297-4A57-A641-9E65D9F9B282}.Release|x86.ActiveCfg = Release|Any CPU
		{0177B85B-F297-4A57-A641-9E65D9F9B282}.Release|x86.Build.0 = Release|Any CPU
		{D2D1B662-8A2A-47DB-ACE3-7DEE40F70835}.Debug|Any CPU.ActiveCfg = Debug|Any CPU
		{D2D1B662-8A2A-47DB-ACE3-7DEE40F70835}.Debug|Any CPU.Build.0 = Debug|Any CPU
		{D2D1B662-8A2A-47DB-ACE3-7DEE40F70835}.Debug|x64.ActiveCfg = Debug|Any CPU
		{D2D1B662-8A2A-47DB-ACE3-7DEE40F70835}.Debug|x64.Build.0 = Debug|Any CPU
		{D2D1B662-8A2A-47DB-ACE3-7DEE40F70835}.Debug|x86.ActiveCfg = Debug|Any CPU
		{D2D1B662-8A2A-47DB-ACE3-7DEE40F70835}.Debug|x86.Build.0 = Debug|Any CPU
		{D2D1B662-8A2A-47DB-ACE3-7DEE40F70835}.Release|Any CPU.ActiveCfg = Release|Any CPU
		{D2D1B662-8A2A-47DB-ACE3-7DEE40F70835}.Release|Any CPU.Build.0 = Release|Any CPU
		{D2D1B662-8A2A-47DB-ACE3-7DEE40F70835}.Release|x64.ActiveCfg = Release|Any CPU
		{D2D1B662-8A2A-47DB-ACE3-7DEE40F70835}.Release|x64.Build.0 = Release|Any CPU
		{D2D1B662-8A2A-47DB-ACE3-7DEE40F70835}.Release|x86.ActiveCfg = Release|Any CPU
		{D2D1B662-8A2A-47DB-ACE3-7DEE40F70835}.Release|x86.Build.0 = Release|Any CPU
		{E29A4E74-0EEE-4062-A99C-C1378F90E369}.Debug|Any CPU.ActiveCfg = Debug|Any CPU
		{E29A4E74-0EEE-4062-A99C-C1378F90E369}.Debug|Any CPU.Build.0 = Debug|Any CPU
		{E29A4E74-0EEE-4062-A99C-C1378F90E369}.Debug|x64.ActiveCfg = Debug|Any CPU
		{E29A4E74-0EEE-4062-A99C-C1378F90E369}.Debug|x64.Build.0 = Debug|Any CPU
		{E29A4E74-0EEE-4062-A99C-C1378F90E369}.Debug|x86.ActiveCfg = Debug|Any CPU
		{E29A4E74-0EEE-4062-A99C-C1378F90E369}.Debug|x86.Build.0 = Debug|Any CPU
		{E29A4E74-0EEE-4062-A99C-C1378F90E369}.Release|Any CPU.ActiveCfg = Release|Any CPU
		{E29A4E74-0EEE-4062-A99C-C1378F90E369}.Release|Any CPU.Build.0 = Release|Any CPU
		{E29A4E74-0EEE-4062-A99C-C1378F90E369}.Release|x64.ActiveCfg = Release|Any CPU
		{E29A4E74-0EEE-4062-A99C-C1378F90E369}.Release|x64.Build.0 = Release|Any CPU
		{E29A4E74-0EEE-4062-A99C-C1378F90E369}.Release|x86.ActiveCfg = Release|Any CPU
		{E29A4E74-0EEE-4062-A99C-C1378F90E369}.Release|x86.Build.0 = Release|Any CPU
		{00B5BA16-D8B1-493A-936A-EB48BCBEF60A}.Debug|Any CPU.ActiveCfg = Debug|Any CPU
		{00B5BA16-D8B1-493A-936A-EB48BCBEF60A}.Debug|Any CPU.Build.0 = Debug|Any CPU
		{00B5BA16-D8B1-493A-936A-EB48BCBEF60A}.Debug|x64.ActiveCfg = Debug|Any CPU
		{00B5BA16-D8B1-493A-936A-EB48BCBEF60A}.Debug|x64.Build.0 = Debug|Any CPU
		{00B5BA16-D8B1-493A-936A-EB48BCBEF60A}.Debug|x86.ActiveCfg = Debug|Any CPU
		{00B5BA16-D8B1-493A-936A-EB48BCBEF60A}.Debug|x86.Build.0 = Debug|Any CPU
		{00B5BA16-D8B1-493A-936A-EB48BCBEF60A}.Release|Any CPU.ActiveCfg = Release|Any CPU
		{00B5BA16-D8B1-493A-936A-EB48BCBEF60A}.Release|Any CPU.Build.0 = Release|Any CPU
		{00B5BA16-D8B1-493A-936A-EB48BCBEF60A}.Release|x64.ActiveCfg = Release|Any CPU
		{00B5BA16-D8B1-493A-936A-EB48BCBEF60A}.Release|x64.Build.0 = Release|Any CPU
		{00B5BA16-D8B1-493A-936A-EB48BCBEF60A}.Release|x86.ActiveCfg = Release|Any CPU
		{00B5BA16-D8B1-493A-936A-EB48BCBEF60A}.Release|x86.Build.0 = Release|Any CPU
		{4C73E7B5-5C79-4B0F-BB23-9C9908DF4200}.Debug|Any CPU.ActiveCfg = Debug|Any CPU
		{4C73E7B5-5C79-4B0F-BB23-9C9908DF4200}.Debug|Any CPU.Build.0 = Debug|Any CPU
		{4C73E7B5-5C79-4B0F-BB23-9C9908DF4200}.Debug|x64.ActiveCfg = Debug|Any CPU
		{4C73E7B5-5C79-4B0F-BB23-9C9908DF4200}.Debug|x64.Build.0 = Debug|Any CPU
		{4C73E7B5-5C79-4B0F-BB23-9C9908DF4200}.Debug|x86.ActiveCfg = Debug|Any CPU
		{4C73E7B5-5C79-4B0F-BB23-9C9908DF4200}.Debug|x86.Build.0 = Debug|Any CPU
		{4C73E7B5-5C79-4B0F-BB23-9C9908DF4200}.Release|Any CPU.ActiveCfg = Release|Any CPU
		{4C73E7B5-5C79-4B0F-BB23-9C9908DF4200}.Release|Any CPU.Build.0 = Release|Any CPU
		{4C73E7B5-5C79-4B0F-BB23-9C9908DF4200}.Release|x64.ActiveCfg = Release|Any CPU
		{4C73E7B5-5C79-4B0F-BB23-9C9908DF4200}.Release|x64.Build.0 = Release|Any CPU
		{4C73E7B5-5C79-4B0F-BB23-9C9908DF4200}.Release|x86.ActiveCfg = Release|Any CPU
		{4C73E7B5-5C79-4B0F-BB23-9C9908DF4200}.Release|x86.Build.0 = Release|Any CPU
		{01F16CD8-19B0-46AD-884C-32B2F9591449}.Debug|Any CPU.ActiveCfg = Debug|Any CPU
		{01F16CD8-19B0-46AD-884C-32B2F9591449}.Debug|Any CPU.Build.0 = Debug|Any CPU
		{01F16CD8-19B0-46AD-884C-32B2F9591449}.Debug|x64.ActiveCfg = Debug|Any CPU
		{01F16CD8-19B0-46AD-884C-32B2F9591449}.Debug|x64.Build.0 = Debug|Any CPU
		{01F16CD8-19B0-46AD-884C-32B2F9591449}.Debug|x86.ActiveCfg = Debug|Any CPU
		{01F16CD8-19B0-46AD-884C-32B2F9591449}.Debug|x86.Build.0 = Debug|Any CPU
		{01F16CD8-19B0-46AD-884C-32B2F9591449}.Release|Any CPU.ActiveCfg = Release|Any CPU
		{01F16CD8-19B0-46AD-884C-32B2F9591449}.Release|Any CPU.Build.0 = Release|Any CPU
		{01F16CD8-19B0-46AD-884C-32B2F9591449}.Release|x64.ActiveCfg = Release|Any CPU
		{01F16CD8-19B0-46AD-884C-32B2F9591449}.Release|x64.Build.0 = Release|Any CPU
		{01F16CD8-19B0-46AD-884C-32B2F9591449}.Release|x86.ActiveCfg = Release|Any CPU
		{01F16CD8-19B0-46AD-884C-32B2F9591449}.Release|x86.Build.0 = Release|Any CPU
	EndGlobalSection
	GlobalSection(SolutionProperties) = preSolution
		HideSolutionNode = FALSE
	EndGlobalSection
	GlobalSection(NestedProjects) = preSolution
		{1A67FF10-85D6-4F12-9DAD-F727C2400668} = {54A92661-7D53-4162-BBF6-6F94689BB5C4}
		{01C3311A-FF19-4E1F-9D3D-007126F27E0D} = {54A92661-7D53-4162-BBF6-6F94689BB5C4}
		{C614D585-3E93-42E3-B914-9AF50F8ADD0B} = {7F23966A-A45C-4AE8-A0FA-AA64A49C5537}
		{FBB0409B-17B0-4BFC-B13A-49C1EE7AA17E} = {7F23966A-A45C-4AE8-A0FA-AA64A49C5537}
		{82335D66-F295-4D66-9F5A-122D8F6B8772} = {246EF7A3-D6A2-4C98-8FB4-596452C117A5}
		{6E544382-8337-4075-A8AF-7B792701D44C} = {246EF7A3-D6A2-4C98-8FB4-596452C117A5}
		{38EF91B6-3F82-4E3B-97F0-2569BC0564AE} = {39F18E60-DD11-4BBC-B08F-A90B1CF1A146}
		{768CEA81-A44F-4D64-AC2B-1081C15816C5} = {39F18E60-DD11-4BBC-B08F-A90B1CF1A146}
		{20D1BAEF-6C14-4579-8B9D-8127632E794D} = {9128B057-8748-42F8-AA09-E3E2BB4EE0E8}
		{4E164CDE-D64C-4270-9259-A4A260433390} = {9128B057-8748-42F8-AA09-E3E2BB4EE0E8}
		{34A4741F-B0B3-4DD6-8FA7-97EA8069F273} = {64C0E19A-9631-4D2F-9016-33D4E7C548FC}
		{DF6E6FD0-68E6-4AD4-9087-806CAEEBFDB2} = {64C0E19A-9631-4D2F-9016-33D4E7C548FC}
		{B91EEEEA-0B37-4195-BAF7-8A0D80EE0CF7} = {E2B0261F-CE46-4836-879C-E734D3A591D3}
		{1CD72342-3D5F-4E47-99C7-F66922CF6E4A} = {E2B0261F-CE46-4836-879C-E734D3A591D3}
		{857480ED-C6B4-4485-9B37-4B8B4382D855} = {E2B0261F-CE46-4836-879C-E734D3A591D3}
		{032476B7-F28C-4358-A823-858162BD4449} = {E2B0261F-CE46-4836-879C-E734D3A591D3}
		{74EB2F9F-FAB4-4F85-B90A-2A9528E8C42F} = {11082ACD-9D34-4B89-B2FC-A90C3259EF1A}
		{9A3B9896-94F7-45E6-84C0-8B29C93546D1} = {11082ACD-9D34-4B89-B2FC-A90C3259EF1A}
		{4511979B-C386-46B2-BB9D-6FB4677BE744} = {9CB3C7D5-653E-4C49-8757-B97955E7481F}
		{71B46BA3-6876-4AE3-98DA-AB6BB20D91B4} = {9CB3C7D5-653E-4C49-8757-B97955E7481F}
		{01253B5C-F1F7-429B-9020-FEFFFD976CD1} = {0B39933B-3B4A-432D-9048-F8C0E579E290}
		{B76D8E71-CB6F-4620-90A5-1D03ED4FF8FF} = {0B39933B-3B4A-432D-9048-F8C0E579E290}
		{8C675FF7-2AB6-4D84-A212-2C0F97DD3842} = {CD15716E-88D6-4B54-990A-DDFA6557575E}
		{2550DE18-4326-424A-8D06-B200EDA264F3} = {CD15716E-88D6-4B54-990A-DDFA6557575E}
		{5DAA7629-8B61-48EF-A604-509930CAD452} = {CD15716E-88D6-4B54-990A-DDFA6557575E}
		{77CBB55E-228B-4147-9D0D-687EF500E296} = {32DE6343-CC79-48CF-B308-686C4E64E94F}
		{593BA6BE-CACD-45DC-88D4-33154E3625FC} = {32DE6343-CC79-48CF-B308-686C4E64E94F}
		{23054199-E83B-478A-88F2-588A9C12D917} = {32DE6343-CC79-48CF-B308-686C4E64E94F}
		{37A10CE4-7063-4BB3-BA3A-05E4E99E2D63} = {1FE87A9F-BF46-4144-B38D-7E08BAFCB0E4}
		{EAAF435B-0A4C-412F-B5EE-2613DDFC716A} = {1FE87A9F-BF46-4144-B38D-7E08BAFCB0E4}
		{93F669EE-FC06-4240-A82C-E5F672857787} = {64F63477-BC6E-4077-95B5-9371C8345D6B}
		{520DA927-0083-4474-B34D-CBDCB7C780C2} = {64F63477-BC6E-4077-95B5-9371C8345D6B}
		{670362C6-513F-4C54-ADB0-589E607D1F57} = {1692B414-ED2B-4F9E-BDAC-BB99E3F9C3D1}
		{50FB3ADE-3746-413A-9804-42E835258B5E} = {1692B414-ED2B-4F9E-BDAC-BB99E3F9C3D1}
		{F081A7A9-D77F-4F66-955E-E85FB97AD70A} = {3BF880A4-1081-4A09-8C63-47212B1F29A4}
		{3091D250-F7F2-47F6-BF07-F22E55385CA1} = {3BF880A4-1081-4A09-8C63-47212B1F29A4}
		{07FEB658-AF24-4A31-8B42-763E6DEFC146} = {B5E39C87-21A4-4EA5-97EF-88986BE1F8D3}
		{E5A69FDF-4126-49CC-BD46-6FEE075EE5F2} = {B5E39C87-21A4-4EA5-97EF-88986BE1F8D3}
		{1BFACBFD-7873-4EE1-B8DE-CA5010E1DD72} = {E74C358F-DE53-41BA-A0D5-EB4E5D1CC925}
		{ECA12006-EDB2-94B7-3363-C474924A8B42} = {E74C358F-DE53-41BA-A0D5-EB4E5D1CC925}
		{51ABEC2B-98E3-4845-830E-BE6F7728008A} = {C24BAB70-886E-4AF2-2962-42370EB012D8}
		{22973F7A-5850-44F7-9C95-9F8AD504AF82} = {C24BAB70-886E-4AF2-2962-42370EB012D8}
		{D3198D61-4070-428D-A2D0-1F95BDDECE5A} = {C24BAB70-886E-4AF2-2962-42370EB012D8}
		{068BD008-3322-4F7D-BCFC-7146D9D6AC4D} = {55F1084F-1144-A5EB-C222-ECF2B62AC581}
		{271B8C8D-07C7-4501-AAB2-B9CF96F1ACFF} = {55F1084F-1144-A5EB-C222-ECF2B62AC581}
		{BEE9DD97-9E31-4278-BC82-75FAE26A11CD} = {B13FB1DB-FE20-CDA3-05C5-AD6938F84B69}
		{B6612A8E-805A-4D5F-8652-E42CE12015F7} = {99AB2F99-E06A-4900-BD99-84B7AD7B43E9}
		{29358FC8-3AF5-4D02-8A7A-B1A2F3C6B607} = {99AB2F99-E06A-4900-BD99-84B7AD7B43E9}
		{E14EB119-6104-47D9-9AE9-709F6B3177CA} = {99AB2F99-E06A-4900-BD99-84B7AD7B43E9}
		{341E9463-A389-4E73-BA9B-885A49A4C8AF} = {99AB2F99-E06A-4900-BD99-84B7AD7B43E9}
		{A67DE961-A346-4031-86DC-4B65175B37EE} = {B45D00A6-022F-4AAE-AEF6-E7FCA1B28865}
		{E8768010-9E01-4E7A-8B5C-31008079758B} = {B45D00A6-022F-4AAE-AEF6-E7FCA1B28865}
		{4CA0EE71-2CC3-428A-A45F-A93D608D4041} = {B45D00A6-022F-4AAE-AEF6-E7FCA1B28865}
		{5FB610B1-9D81-42D6-A981-63BF167B2419} = {B45D00A6-022F-4AAE-AEF6-E7FCA1B28865}
		{F0A8587A-B10C-4838-B582-50942621732C} = {102D0F9B-A9C5-408F-8F70-C79923CD9168}
		{19B8A938-3301-49E5-9651-64F3215F3F97} = {102D0F9B-A9C5-408F-8F70-C79923CD9168}
		{742FAFDE-D552-4593-897B-F3B99B73CAAB} = {102D0F9B-A9C5-408F-8F70-C79923CD9168}
		{A2739BE0-93C2-474F-91FB-1446A431F4E6} = {102D0F9B-A9C5-408F-8F70-C79923CD9168}
		{CC9C10BA-2A7E-4F67-9473-AA6BC712198C} = {69F9D1CE-0FB7-4A2D-9355-B6757B3ED9B5}
		{9DE61C59-7E78-4335-A093-1E832FB94AA6} = {69F9D1CE-0FB7-4A2D-9355-B6757B3ED9B5}
		{0177B85B-F297-4A57-A641-9E65D9F9B282} = {69F9D1CE-0FB7-4A2D-9355-B6757B3ED9B5}
		{D2D1B662-8A2A-47DB-ACE3-7DEE40F70835} = {69F9D1CE-0FB7-4A2D-9355-B6757B3ED9B5}
		{E29A4E74-0EEE-4062-A99C-C1378F90E369} = {03DF36DB-42ED-4313-998C-792E5AE82E04}
		{00B5BA16-D8B1-493A-936A-EB48BCBEF60A} = {03DF36DB-42ED-4313-998C-792E5AE82E04}
		{4C73E7B5-5C79-4B0F-BB23-9C9908DF4200} = {03DF36DB-42ED-4313-998C-792E5AE82E04}
		{01F16CD8-19B0-46AD-884C-32B2F9591449} = {03DF36DB-42ED-4313-998C-792E5AE82E04}
	EndGlobalSection
	GlobalSection(ExtensibilityGlobals) = postSolution
		SolutionGuid = {23F4851F-CA0E-4470-8E95-BF6F730C5136}
	EndGlobalSection
EndGlobal
